// !$*UTF8*$!
{
	archiveVersion = 1;
	classes = {
	};
	objectVersion = 56;
	objects = {

/* Begin PBXBuildFile section */
		2817406629D8115C00D1B0F0 /* EssentialFeed.h in Headers */ = {isa = PBXBuildFile; fileRef = 2817406529D8115C00D1B0F0 /* EssentialFeed.h */; settings = {ATTRIBUTES = (Public, ); }; };
		2817407329D8117500D1B0F0 /* URLSessionHTTPClientTests.swift in Sources */ = {isa = PBXBuildFile; fileRef = 2817407229D8117500D1B0F0 /* URLSessionHTTPClientTests.swift */; };
		2817407429D8117500D1B0F0 /* EssentialFeed.framework in Frameworks */ = {isa = PBXBuildFile; fileRef = 2817406229D8115C00D1B0F0 /* EssentialFeed.framework */; };
		2817407B29D8118900D1B0F0 /* FeedImage.swift in Sources */ = {isa = PBXBuildFile; fileRef = 2817407A29D8118900D1B0F0 /* FeedImage.swift */; };
		2817407D29D811E200D1B0F0 /* FeedLoader.swift in Sources */ = {isa = PBXBuildFile; fileRef = 2817407C29D811E200D1B0F0 /* FeedLoader.swift */; };
		2817408129D8128E00D1B0F0 /* RemoteFeedLoader.swift in Sources */ = {isa = PBXBuildFile; fileRef = 2817408029D8128E00D1B0F0 /* RemoteFeedLoader.swift */; };
		2817408329D8138200D1B0F0 /* LoadFeedFromRemoteUseCaseTests.swift in Sources */ = {isa = PBXBuildFile; fileRef = 2817408229D8138100D1B0F0 /* LoadFeedFromRemoteUseCaseTests.swift */; };
		2817408529D9627500D1B0F0 /* HTTPClient.swift in Sources */ = {isa = PBXBuildFile; fileRef = 2817408429D9627500D1B0F0 /* HTTPClient.swift */; };
		2817408729D962D600D1B0F0 /* FeedItemsMapper.swift in Sources */ = {isa = PBXBuildFile; fileRef = 2817408629D962D600D1B0F0 /* FeedItemsMapper.swift */; };
		286BC4F829E43FFE00261732 /* LocalFeedImage.swift in Sources */ = {isa = PBXBuildFile; fileRef = 286BC4F729E43FFE00261732 /* LocalFeedImage.swift */; };
		286BC4FA29E4402300261732 /* RemoteFeedItem.swift in Sources */ = {isa = PBXBuildFile; fileRef = 286BC4F929E4402300261732 /* RemoteFeedItem.swift */; };
		28810A0529E167F600FFC194 /* CacheFeedUseCaseTests.swift in Sources */ = {isa = PBXBuildFile; fileRef = 28810A0429E167F600FFC194 /* CacheFeedUseCaseTests.swift */; };
		288215CB29DD47F50097D6AA /* URLSessionHTTPClient.swift in Sources */ = {isa = PBXBuildFile; fileRef = 288215CA29DD47F50097D6AA /* URLSessionHTTPClient.swift */; };
		28BF5DF429DE991F00FD870A /* EssentialFeedApiEndToEndTests.swift in Sources */ = {isa = PBXBuildFile; fileRef = 28BF5DF329DE991F00FD870A /* EssentialFeedApiEndToEndTests.swift */; };
		28BF5DF529DE991F00FD870A /* EssentialFeed.framework in Frameworks */ = {isa = PBXBuildFile; fileRef = 2817406229D8115C00D1B0F0 /* EssentialFeed.framework */; };
		28D40CAC29DE9AC10057D176 /* TrackMemoryLeakHelper.swift in Sources */ = {isa = PBXBuildFile; fileRef = 28F1EC5129DBE0080008D409 /* TrackMemoryLeakHelper.swift */; };
		28F1EC5229DBE0080008D409 /* TrackMemoryLeakHelper.swift in Sources */ = {isa = PBXBuildFile; fileRef = 28F1EC5129DBE0080008D409 /* TrackMemoryLeakHelper.swift */; };
		28F2DBC729E3D1CD00A0F85A /* FeedStore.swift in Sources */ = {isa = PBXBuildFile; fileRef = 28F2DBC629E3D1CD00A0F85A /* FeedStore.swift */; };
		28F2DBC929E3D1E500A0F85A /* LocalFeedLoader.swift in Sources */ = {isa = PBXBuildFile; fileRef = 28F2DBC829E3D1E500A0F85A /* LocalFeedLoader.swift */; };
/* End PBXBuildFile section */

/* Begin PBXContainerItemProxy section */
		2817407529D8117500D1B0F0 /* PBXContainerItemProxy */ = {
			isa = PBXContainerItemProxy;
			containerPortal = 2817405929D8115C00D1B0F0 /* Project object */;
			proxyType = 1;
			remoteGlobalIDString = 2817406129D8115C00D1B0F0;
			remoteInfo = EssentialFeed;
		};
		28BF5DF629DE991F00FD870A /* PBXContainerItemProxy */ = {
			isa = PBXContainerItemProxy;
			containerPortal = 2817405929D8115C00D1B0F0 /* Project object */;
			proxyType = 1;
			remoteGlobalIDString = 2817406129D8115C00D1B0F0;
			remoteInfo = EssentialFeed;
		};
/* End PBXContainerItemProxy section */

/* Begin PBXFileReference section */
		2817406229D8115C00D1B0F0 /* EssentialFeed.framework */ = {isa = PBXFileReference; explicitFileType = wrapper.framework; includeInIndex = 0; path = EssentialFeed.framework; sourceTree = BUILT_PRODUCTS_DIR; };
		2817406529D8115C00D1B0F0 /* EssentialFeed.h */ = {isa = PBXFileReference; lastKnownFileType = sourcecode.c.h; path = EssentialFeed.h; sourceTree = "<group>"; };
		2817407029D8117400D1B0F0 /* EssentialFeedTests.xctest */ = {isa = PBXFileReference; explicitFileType = wrapper.cfbundle; includeInIndex = 0; path = EssentialFeedTests.xctest; sourceTree = BUILT_PRODUCTS_DIR; };
		2817407229D8117500D1B0F0 /* URLSessionHTTPClientTests.swift */ = {isa = PBXFileReference; lastKnownFileType = sourcecode.swift; path = URLSessionHTTPClientTests.swift; sourceTree = "<group>"; };
		2817407A29D8118900D1B0F0 /* FeedImage.swift */ = {isa = PBXFileReference; lastKnownFileType = sourcecode.swift; path = FeedImage.swift; sourceTree = "<group>"; };
		2817407C29D811E200D1B0F0 /* FeedLoader.swift */ = {isa = PBXFileReference; lastKnownFileType = sourcecode.swift; path = FeedLoader.swift; sourceTree = "<group>"; };
		2817408029D8128E00D1B0F0 /* RemoteFeedLoader.swift */ = {isa = PBXFileReference; lastKnownFileType = sourcecode.swift; path = RemoteFeedLoader.swift; sourceTree = "<group>"; };
		2817408229D8138100D1B0F0 /* LoadFeedFromRemoteUseCaseTests.swift */ = {isa = PBXFileReference; lastKnownFileType = sourcecode.swift; path = LoadFeedFromRemoteUseCaseTests.swift; sourceTree = "<group>"; };
		2817408429D9627500D1B0F0 /* HTTPClient.swift */ = {isa = PBXFileReference; lastKnownFileType = sourcecode.swift; path = HTTPClient.swift; sourceTree = "<group>"; };
		2817408629D962D600D1B0F0 /* FeedItemsMapper.swift */ = {isa = PBXFileReference; lastKnownFileType = sourcecode.swift; path = FeedItemsMapper.swift; sourceTree = "<group>"; };
		286BC4F729E43FFE00261732 /* LocalFeedImage.swift */ = {isa = PBXFileReference; lastKnownFileType = sourcecode.swift; path = LocalFeedImage.swift; sourceTree = "<group>"; };
		286BC4F929E4402300261732 /* RemoteFeedItem.swift */ = {isa = PBXFileReference; lastKnownFileType = sourcecode.swift; path = RemoteFeedItem.swift; sourceTree = "<group>"; };
		28810A0429E167F600FFC194 /* CacheFeedUseCaseTests.swift */ = {isa = PBXFileReference; lastKnownFileType = sourcecode.swift; path = CacheFeedUseCaseTests.swift; sourceTree = "<group>"; };
		288215CA29DD47F50097D6AA /* URLSessionHTTPClient.swift */ = {isa = PBXFileReference; lastKnownFileType = sourcecode.swift; path = URLSessionHTTPClient.swift; sourceTree = "<group>"; };
		288215CC29DD4B850097D6AA /* EssentialFeed.xctestplan */ = {isa = PBXFileReference; lastKnownFileType = text; path = EssentialFeed.xctestplan; sourceTree = "<group>"; };
		28BF5DF129DE991F00FD870A /* EssentialFeedApiEndToEndTests.xctest */ = {isa = PBXFileReference; explicitFileType = wrapper.cfbundle; includeInIndex = 0; path = EssentialFeedApiEndToEndTests.xctest; sourceTree = BUILT_PRODUCTS_DIR; };
		28BF5DF329DE991F00FD870A /* EssentialFeedApiEndToEndTests.swift */ = {isa = PBXFileReference; lastKnownFileType = sourcecode.swift; path = EssentialFeedApiEndToEndTests.swift; sourceTree = "<group>"; };
		28F1EC5129DBE0080008D409 /* TrackMemoryLeakHelper.swift */ = {isa = PBXFileReference; lastKnownFileType = sourcecode.swift; path = TrackMemoryLeakHelper.swift; sourceTree = "<group>"; };
		28F2DBC629E3D1CD00A0F85A /* FeedStore.swift */ = {isa = PBXFileReference; lastKnownFileType = sourcecode.swift; path = FeedStore.swift; sourceTree = "<group>"; };
		28F2DBC829E3D1E500A0F85A /* LocalFeedLoader.swift */ = {isa = PBXFileReference; lastKnownFileType = sourcecode.swift; path = LocalFeedLoader.swift; sourceTree = "<group>"; };
/* End PBXFileReference section */

/* Begin PBXFrameworksBuildPhase section */
		2817405F29D8115C00D1B0F0 /* Frameworks */ = {
			isa = PBXFrameworksBuildPhase;
			buildActionMask = 2147483647;
			files = (
			);
			runOnlyForDeploymentPostprocessing = 0;
		};
		2817406D29D8117400D1B0F0 /* Frameworks */ = {
			isa = PBXFrameworksBuildPhase;
			buildActionMask = 2147483647;
			files = (
				2817407429D8117500D1B0F0 /* EssentialFeed.framework in Frameworks */,
			);
			runOnlyForDeploymentPostprocessing = 0;
		};
		28BF5DEE29DE991F00FD870A /* Frameworks */ = {
			isa = PBXFrameworksBuildPhase;
			buildActionMask = 2147483647;
			files = (
				28BF5DF529DE991F00FD870A /* EssentialFeed.framework in Frameworks */,
			);
			runOnlyForDeploymentPostprocessing = 0;
		};
/* End PBXFrameworksBuildPhase section */

/* Begin PBXGroup section */
		2817405829D8115C00D1B0F0 = {
			isa = PBXGroup;
			children = (
				288215CC29DD4B850097D6AA /* EssentialFeed.xctestplan */,
				2817406429D8115C00D1B0F0 /* EssentialFeed */,
				2817407129D8117500D1B0F0 /* EssentialFeedTests */,
				28BF5DF229DE991F00FD870A /* EssentialFeedApiEndToEndTests */,
				2817406329D8115C00D1B0F0 /* Products */,
			);
			sourceTree = "<group>";
		};
		2817406329D8115C00D1B0F0 /* Products */ = {
			isa = PBXGroup;
			children = (
				2817406229D8115C00D1B0F0 /* EssentialFeed.framework */,
				2817407029D8117400D1B0F0 /* EssentialFeedTests.xctest */,
				28BF5DF129DE991F00FD870A /* EssentialFeedApiEndToEndTests.xctest */,
			);
			name = Products;
			sourceTree = "<group>";
		};
		2817406429D8115C00D1B0F0 /* EssentialFeed */ = {
			isa = PBXGroup;
			children = (
				28F2DBC529E3D1B000A0F85A /* Feed Cache */,
				2817406529D8115C00D1B0F0 /* EssentialFeed.h */,
				2817407F29D8127600D1B0F0 /* Feed Feature */,
				2817407E29D8126B00D1B0F0 /* Feed Api */,
			);
			path = EssentialFeed;
			sourceTree = "<group>";
		};
		2817407129D8117500D1B0F0 /* EssentialFeedTests */ = {
			isa = PBXGroup;
			children = (
				28F1EC5029DBDFF30008D409 /* Helpers */,
				28810A0329E167E800FFC194 /* Feed Cache */,
				2817407229D8117500D1B0F0 /* URLSessionHTTPClientTests.swift */,
				2817408229D8138100D1B0F0 /* LoadFeedFromRemoteUseCaseTests.swift */,
			);
			path = EssentialFeedTests;
			sourceTree = "<group>";
		};
		2817407E29D8126B00D1B0F0 /* Feed Api */ = {
			isa = PBXGroup;
			children = (
				2817408029D8128E00D1B0F0 /* RemoteFeedLoader.swift */,
				2817408429D9627500D1B0F0 /* HTTPClient.swift */,
				2817408629D962D600D1B0F0 /* FeedItemsMapper.swift */,
				288215CA29DD47F50097D6AA /* URLSessionHTTPClient.swift */,
				286BC4F929E4402300261732 /* RemoteFeedItem.swift */,
			);
			name = "Feed Api";
			sourceTree = "<group>";
		};
		2817407F29D8127600D1B0F0 /* Feed Feature */ = {
			isa = PBXGroup;
			children = (
				2817407A29D8118900D1B0F0 /* FeedImage.swift */,
				2817407C29D811E200D1B0F0 /* FeedLoader.swift */,
			);
			name = "Feed Feature";
			sourceTree = "<group>";
		};
		28810A0329E167E800FFC194 /* Feed Cache */ = {
			isa = PBXGroup;
			children = (
				28810A0429E167F600FFC194 /* CacheFeedUseCaseTests.swift */,
			);
			path = "Feed Cache";
			sourceTree = "<group>";
		};
		28BF5DF229DE991F00FD870A /* EssentialFeedApiEndToEndTests */ = {
			isa = PBXGroup;
			children = (
				28BF5DF329DE991F00FD870A /* EssentialFeedApiEndToEndTests.swift */,
			);
			path = EssentialFeedApiEndToEndTests;
			sourceTree = "<group>";
		};
		28F1EC5029DBDFF30008D409 /* Helpers */ = {
			isa = PBXGroup;
			children = (
				28F1EC5129DBE0080008D409 /* TrackMemoryLeakHelper.swift */,
			);
			path = Helpers;
			sourceTree = "<group>";
		};
		28F2DBC529E3D1B000A0F85A /* Feed Cache */ = {
			isa = PBXGroup;
			children = (
				28F2DBC629E3D1CD00A0F85A /* FeedStore.swift */,
				28F2DBC829E3D1E500A0F85A /* LocalFeedLoader.swift */,
				286BC4F729E43FFE00261732 /* LocalFeedImage.swift */,
			);
			name = "Feed Cache";
			sourceTree = "<group>";
		};
/* End PBXGroup section */

/* Begin PBXHeadersBuildPhase section */
		2817405D29D8115C00D1B0F0 /* Headers */ = {
			isa = PBXHeadersBuildPhase;
			buildActionMask = 2147483647;
			files = (
				2817406629D8115C00D1B0F0 /* EssentialFeed.h in Headers */,
			);
			runOnlyForDeploymentPostprocessing = 0;
		};
/* End PBXHeadersBuildPhase section */

/* Begin PBXNativeTarget section */
		2817406129D8115C00D1B0F0 /* EssentialFeed */ = {
			isa = PBXNativeTarget;
			buildConfigurationList = 2817406929D8115C00D1B0F0 /* Build configuration list for PBXNativeTarget "EssentialFeed" */;
			buildPhases = (
				2817405D29D8115C00D1B0F0 /* Headers */,
				2817405E29D8115C00D1B0F0 /* Sources */,
				2817405F29D8115C00D1B0F0 /* Frameworks */,
				2817406029D8115C00D1B0F0 /* Resources */,
			);
			buildRules = (
			);
			dependencies = (
			);
			name = EssentialFeed;
			productName = EssentialFeed;
			productReference = 2817406229D8115C00D1B0F0 /* EssentialFeed.framework */;
			productType = "com.apple.product-type.framework";
		};
		2817406F29D8117400D1B0F0 /* EssentialFeedTests */ = {
			isa = PBXNativeTarget;
			buildConfigurationList = 2817407729D8117500D1B0F0 /* Build configuration list for PBXNativeTarget "EssentialFeedTests" */;
			buildPhases = (
				2817406C29D8117400D1B0F0 /* Sources */,
				2817406D29D8117400D1B0F0 /* Frameworks */,
				2817406E29D8117400D1B0F0 /* Resources */,
			);
			buildRules = (
			);
			dependencies = (
				2817407629D8117500D1B0F0 /* PBXTargetDependency */,
			);
			name = EssentialFeedTests;
			productName = EssentialFeedTests;
			productReference = 2817407029D8117400D1B0F0 /* EssentialFeedTests.xctest */;
			productType = "com.apple.product-type.bundle.unit-test";
		};
		28BF5DF029DE991F00FD870A /* EssentialFeedApiEndToEndTests */ = {
			isa = PBXNativeTarget;
			buildConfigurationList = 28BF5DFA29DE991F00FD870A /* Build configuration list for PBXNativeTarget "EssentialFeedApiEndToEndTests" */;
			buildPhases = (
				28BF5DED29DE991F00FD870A /* Sources */,
				28BF5DEE29DE991F00FD870A /* Frameworks */,
				28BF5DEF29DE991F00FD870A /* Resources */,
			);
			buildRules = (
			);
			dependencies = (
				28BF5DF729DE991F00FD870A /* PBXTargetDependency */,
			);
			name = EssentialFeedApiEndToEndTests;
			productName = EssentialFeedApiEndToEndTests;
			productReference = 28BF5DF129DE991F00FD870A /* EssentialFeedApiEndToEndTests.xctest */;
			productType = "com.apple.product-type.bundle.unit-test";
		};
/* End PBXNativeTarget section */

/* Begin PBXProject section */
		2817405929D8115C00D1B0F0 /* Project object */ = {
			isa = PBXProject;
			attributes = {
				BuildIndependentTargetsInParallel = 1;
				LastSwiftUpdateCheck = 1430;
				LastUpgradeCheck = 1430;
				TargetAttributes = {
					2817406129D8115C00D1B0F0 = {
						CreatedOnToolsVersion = 14.3;
						LastSwiftMigration = 1430;
					};
					2817406F29D8117400D1B0F0 = {
						CreatedOnToolsVersion = 14.3;
					};
					28BF5DF029DE991F00FD870A = {
						CreatedOnToolsVersion = 14.3;
					};
				};
			};
			buildConfigurationList = 2817405C29D8115C00D1B0F0 /* Build configuration list for PBXProject "EssentialFeed" */;
			compatibilityVersion = "Xcode 14.0";
			developmentRegion = en;
			hasScannedForEncodings = 0;
			knownRegions = (
				en,
				Base,
			);
			mainGroup = 2817405829D8115C00D1B0F0;
			productRefGroup = 2817406329D8115C00D1B0F0 /* Products */;
			projectDirPath = "";
			projectRoot = "";
			targets = (
				2817406129D8115C00D1B0F0 /* EssentialFeed */,
				2817406F29D8117400D1B0F0 /* EssentialFeedTests */,
				28BF5DF029DE991F00FD870A /* EssentialFeedApiEndToEndTests */,
			);
		};
/* End PBXProject section */

/* Begin PBXResourcesBuildPhase section */
		2817406029D8115C00D1B0F0 /* Resources */ = {
			isa = PBXResourcesBuildPhase;
			buildActionMask = 2147483647;
			files = (
			);
			runOnlyForDeploymentPostprocessing = 0;
		};
		2817406E29D8117400D1B0F0 /* Resources */ = {
			isa = PBXResourcesBuildPhase;
			buildActionMask = 2147483647;
			files = (
			);
			runOnlyForDeploymentPostprocessing = 0;
		};
		28BF5DEF29DE991F00FD870A /* Resources */ = {
			isa = PBXResourcesBuildPhase;
			buildActionMask = 2147483647;
			files = (
			);
			runOnlyForDeploymentPostprocessing = 0;
		};
/* End PBXResourcesBuildPhase section */

/* Begin PBXSourcesBuildPhase section */
		2817405E29D8115C00D1B0F0 /* Sources */ = {
			isa = PBXSourcesBuildPhase;
			buildActionMask = 2147483647;
			files = (
				2817408729D962D600D1B0F0 /* FeedItemsMapper.swift in Sources */,
				2817407D29D811E200D1B0F0 /* FeedLoader.swift in Sources */,
				2817408129D8128E00D1B0F0 /* RemoteFeedLoader.swift in Sources */,
				2817408529D9627500D1B0F0 /* HTTPClient.swift in Sources */,
				286BC4F829E43FFE00261732 /* LocalFeedImage.swift in Sources */,
				28F2DBC729E3D1CD00A0F85A /* FeedStore.swift in Sources */,
				286BC4FA29E4402300261732 /* RemoteFeedItem.swift in Sources */,
				2817407B29D8118900D1B0F0 /* FeedImage.swift in Sources */,
				28F2DBC929E3D1E500A0F85A /* LocalFeedLoader.swift in Sources */,
				288215CB29DD47F50097D6AA /* URLSessionHTTPClient.swift in Sources */,
			);
			runOnlyForDeploymentPostprocessing = 0;
		};
		2817406C29D8117400D1B0F0 /* Sources */ = {
			isa = PBXSourcesBuildPhase;
			buildActionMask = 2147483647;
			files = (
				2817408329D8138200D1B0F0 /* LoadFeedFromRemoteUseCaseTests.swift in Sources */,
				2817407329D8117500D1B0F0 /* URLSessionHTTPClientTests.swift in Sources */,
				28810A0529E167F600FFC194 /* CacheFeedUseCaseTests.swift in Sources */,
				28F1EC5229DBE0080008D409 /* TrackMemoryLeakHelper.swift in Sources */,
			);
			runOnlyForDeploymentPostprocessing = 0;
		};
		28BF5DED29DE991F00FD870A /* Sources */ = {
			isa = PBXSourcesBuildPhase;
			buildActionMask = 2147483647;
			files = (
				28BF5DF429DE991F00FD870A /* EssentialFeedApiEndToEndTests.swift in Sources */,
				28D40CAC29DE9AC10057D176 /* TrackMemoryLeakHelper.swift in Sources */,
			);
			runOnlyForDeploymentPostprocessing = 0;
		};
/* End PBXSourcesBuildPhase section */

/* Begin PBXTargetDependency section */
		2817407629D8117500D1B0F0 /* PBXTargetDependency */ = {
			isa = PBXTargetDependency;
			target = 2817406129D8115C00D1B0F0 /* EssentialFeed */;
			targetProxy = 2817407529D8117500D1B0F0 /* PBXContainerItemProxy */;
		};
		28BF5DF729DE991F00FD870A /* PBXTargetDependency */ = {
			isa = PBXTargetDependency;
			target = 2817406129D8115C00D1B0F0 /* EssentialFeed */;
			targetProxy = 28BF5DF629DE991F00FD870A /* PBXContainerItemProxy */;
		};
/* End PBXTargetDependency section */

/* Begin XCBuildConfiguration section */
		2817406729D8115C00D1B0F0 /* Debug */ = {
			isa = XCBuildConfiguration;
			buildSettings = {
				ALWAYS_SEARCH_USER_PATHS = NO;
				CLANG_ANALYZER_NONNULL = YES;
				CLANG_ANALYZER_NUMBER_OBJECT_CONVERSION = YES_AGGRESSIVE;
				CLANG_CXX_LANGUAGE_STANDARD = "gnu++20";
				CLANG_ENABLE_MODULES = YES;
				CLANG_ENABLE_OBJC_ARC = YES;
				CLANG_ENABLE_OBJC_WEAK = YES;
				CLANG_WARN_BLOCK_CAPTURE_AUTORELEASING = YES;
				CLANG_WARN_BOOL_CONVERSION = YES;
				CLANG_WARN_COMMA = YES;
				CLANG_WARN_CONSTANT_CONVERSION = YES;
				CLANG_WARN_DEPRECATED_OBJC_IMPLEMENTATIONS = YES;
				CLANG_WARN_DIRECT_OBJC_ISA_USAGE = YES_ERROR;
				CLANG_WARN_DOCUMENTATION_COMMENTS = YES;
				CLANG_WARN_EMPTY_BODY = YES;
				CLANG_WARN_ENUM_CONVERSION = YES;
				CLANG_WARN_INFINITE_RECURSION = YES;
				CLANG_WARN_INT_CONVERSION = YES;
				CLANG_WARN_NON_LITERAL_NULL_CONVERSION = YES;
				CLANG_WARN_OBJC_IMPLICIT_RETAIN_SELF = YES;
				CLANG_WARN_OBJC_LITERAL_CONVERSION = YES;
				CLANG_WARN_OBJC_ROOT_CLASS = YES_ERROR;
				CLANG_WARN_QUOTED_INCLUDE_IN_FRAMEWORK_HEADER = YES;
				CLANG_WARN_RANGE_LOOP_ANALYSIS = YES;
				CLANG_WARN_STRICT_PROTOTYPES = YES;
				CLANG_WARN_SUSPICIOUS_MOVE = YES;
				CLANG_WARN_UNGUARDED_AVAILABILITY = YES_AGGRESSIVE;
				CLANG_WARN_UNREACHABLE_CODE = YES;
				CLANG_WARN__DUPLICATE_METHOD_MATCH = YES;
				COPY_PHASE_STRIP = NO;
				CURRENT_PROJECT_VERSION = 1;
				DEBUG_INFORMATION_FORMAT = dwarf;
				ENABLE_STRICT_OBJC_MSGSEND = YES;
				ENABLE_TESTABILITY = YES;
				GCC_C_LANGUAGE_STANDARD = gnu11;
				GCC_DYNAMIC_NO_PIC = NO;
				GCC_NO_COMMON_BLOCKS = YES;
				GCC_OPTIMIZATION_LEVEL = 0;
				GCC_PREPROCESSOR_DEFINITIONS = (
					"DEBUG=1",
					"$(inherited)",
				);
				GCC_WARN_64_TO_32_BIT_CONVERSION = YES;
				GCC_WARN_ABOUT_RETURN_TYPE = YES_ERROR;
				GCC_WARN_UNDECLARED_SELECTOR = YES;
				GCC_WARN_UNINITIALIZED_AUTOS = YES_AGGRESSIVE;
				GCC_WARN_UNUSED_FUNCTION = YES;
				GCC_WARN_UNUSED_VARIABLE = YES;
				MACOSX_DEPLOYMENT_TARGET = 13.3;
				MTL_ENABLE_DEBUG_INFO = INCLUDE_SOURCE;
				MTL_FAST_MATH = YES;
				ONLY_ACTIVE_ARCH = YES;
				SDKROOT = macosx;
				SWIFT_ACTIVE_COMPILATION_CONDITIONS = DEBUG;
				SWIFT_OPTIMIZATION_LEVEL = "-Onone";
				VERSIONING_SYSTEM = "apple-generic";
				VERSION_INFO_PREFIX = "";
			};
			name = Debug;
		};
		2817406829D8115C00D1B0F0 /* Release */ = {
			isa = XCBuildConfiguration;
			buildSettings = {
				ALWAYS_SEARCH_USER_PATHS = NO;
				CLANG_ANALYZER_NONNULL = YES;
				CLANG_ANALYZER_NUMBER_OBJECT_CONVERSION = YES_AGGRESSIVE;
				CLANG_CXX_LANGUAGE_STANDARD = "gnu++20";
				CLANG_ENABLE_MODULES = YES;
				CLANG_ENABLE_OBJC_ARC = YES;
				CLANG_ENABLE_OBJC_WEAK = YES;
				CLANG_WARN_BLOCK_CAPTURE_AUTORELEASING = YES;
				CLANG_WARN_BOOL_CONVERSION = YES;
				CLANG_WARN_COMMA = YES;
				CLANG_WARN_CONSTANT_CONVERSION = YES;
				CLANG_WARN_DEPRECATED_OBJC_IMPLEMENTATIONS = YES;
				CLANG_WARN_DIRECT_OBJC_ISA_USAGE = YES_ERROR;
				CLANG_WARN_DOCUMENTATION_COMMENTS = YES;
				CLANG_WARN_EMPTY_BODY = YES;
				CLANG_WARN_ENUM_CONVERSION = YES;
				CLANG_WARN_INFINITE_RECURSION = YES;
				CLANG_WARN_INT_CONVERSION = YES;
				CLANG_WARN_NON_LITERAL_NULL_CONVERSION = YES;
				CLANG_WARN_OBJC_IMPLICIT_RETAIN_SELF = YES;
				CLANG_WARN_OBJC_LITERAL_CONVERSION = YES;
				CLANG_WARN_OBJC_ROOT_CLASS = YES_ERROR;
				CLANG_WARN_QUOTED_INCLUDE_IN_FRAMEWORK_HEADER = YES;
				CLANG_WARN_RANGE_LOOP_ANALYSIS = YES;
				CLANG_WARN_STRICT_PROTOTYPES = YES;
				CLANG_WARN_SUSPICIOUS_MOVE = YES;
				CLANG_WARN_UNGUARDED_AVAILABILITY = YES_AGGRESSIVE;
				CLANG_WARN_UNREACHABLE_CODE = YES;
				CLANG_WARN__DUPLICATE_METHOD_MATCH = YES;
				COPY_PHASE_STRIP = NO;
				CURRENT_PROJECT_VERSION = 1;
				DEBUG_INFORMATION_FORMAT = "dwarf-with-dsym";
				ENABLE_NS_ASSERTIONS = NO;
				ENABLE_STRICT_OBJC_MSGSEND = YES;
				GCC_C_LANGUAGE_STANDARD = gnu11;
				GCC_NO_COMMON_BLOCKS = YES;
				GCC_WARN_64_TO_32_BIT_CONVERSION = YES;
				GCC_WARN_ABOUT_RETURN_TYPE = YES_ERROR;
				GCC_WARN_UNDECLARED_SELECTOR = YES;
				GCC_WARN_UNINITIALIZED_AUTOS = YES_AGGRESSIVE;
				GCC_WARN_UNUSED_FUNCTION = YES;
				GCC_WARN_UNUSED_VARIABLE = YES;
				MACOSX_DEPLOYMENT_TARGET = 13.3;
				MTL_ENABLE_DEBUG_INFO = NO;
				MTL_FAST_MATH = YES;
				SDKROOT = macosx;
				SWIFT_COMPILATION_MODE = wholemodule;
				SWIFT_OPTIMIZATION_LEVEL = "-O";
				VERSIONING_SYSTEM = "apple-generic";
				VERSION_INFO_PREFIX = "";
			};
			name = Release;
		};
		2817406A29D8115C00D1B0F0 /* Debug */ = {
			isa = XCBuildConfiguration;
			buildSettings = {
				CLANG_ENABLE_MODULES = YES;
				CODE_SIGN_STYLE = Automatic;
				COMBINE_HIDPI_IMAGES = YES;
				CURRENT_PROJECT_VERSION = 1;
				DEFINES_MODULE = YES;
				DEVELOPMENT_TEAM = 5X8H5M27DY;
				DYLIB_COMPATIBILITY_VERSION = 1;
				DYLIB_CURRENT_VERSION = 1;
				DYLIB_INSTALL_NAME_BASE = "@rpath";
				ENABLE_MODULE_VERIFIER = YES;
				GENERATE_INFOPLIST_FILE = YES;
				INFOPLIST_KEY_NSHumanReadableCopyright = "";
				INSTALL_PATH = "$(LOCAL_LIBRARY_DIR)/Frameworks";
				LD_RUNPATH_SEARCH_PATHS = (
					"$(inherited)",
					"@executable_path/../Frameworks",
					"@loader_path/Frameworks",
				);
				MARKETING_VERSION = 1.0;
				MODULE_VERIFIER_SUPPORTED_LANGUAGES = "objective-c objective-c++";
				MODULE_VERIFIER_SUPPORTED_LANGUAGE_STANDARDS = "gnu11 gnu++20";
				PRODUCT_BUNDLE_IDENTIFIER = com.jainullas.EssentialFeed;
				PRODUCT_NAME = "$(TARGET_NAME:c99extidentifier)";
				SKIP_INSTALL = YES;
				SWIFT_EMIT_LOC_STRINGS = YES;
				SWIFT_OPTIMIZATION_LEVEL = "-Onone";
				SWIFT_VERSION = 5.0;
			};
			name = Debug;
		};
		2817406B29D8115C00D1B0F0 /* Release */ = {
			isa = XCBuildConfiguration;
			buildSettings = {
				CLANG_ENABLE_MODULES = YES;
				CODE_SIGN_STYLE = Automatic;
				COMBINE_HIDPI_IMAGES = YES;
				CURRENT_PROJECT_VERSION = 1;
				DEFINES_MODULE = YES;
				DEVELOPMENT_TEAM = 5X8H5M27DY;
				DYLIB_COMPATIBILITY_VERSION = 1;
				DYLIB_CURRENT_VERSION = 1;
				DYLIB_INSTALL_NAME_BASE = "@rpath";
				ENABLE_MODULE_VERIFIER = YES;
				GENERATE_INFOPLIST_FILE = YES;
				INFOPLIST_KEY_NSHumanReadableCopyright = "";
				INSTALL_PATH = "$(LOCAL_LIBRARY_DIR)/Frameworks";
				LD_RUNPATH_SEARCH_PATHS = (
					"$(inherited)",
					"@executable_path/../Frameworks",
					"@loader_path/Frameworks",
				);
				MARKETING_VERSION = 1.0;
				MODULE_VERIFIER_SUPPORTED_LANGUAGES = "objective-c objective-c++";
				MODULE_VERIFIER_SUPPORTED_LANGUAGE_STANDARDS = "gnu11 gnu++20";
				PRODUCT_BUNDLE_IDENTIFIER = com.jainullas.EssentialFeed;
				PRODUCT_NAME = "$(TARGET_NAME:c99extidentifier)";
				SKIP_INSTALL = YES;
				SWIFT_EMIT_LOC_STRINGS = YES;
				SWIFT_VERSION = 5.0;
			};
			name = Release;
		};
		2817407829D8117500D1B0F0 /* Debug */ = {
			isa = XCBuildConfiguration;
			buildSettings = {
				ALWAYS_EMBED_SWIFT_STANDARD_LIBRARIES = YES;
				CODE_SIGN_STYLE = Automatic;
				CURRENT_PROJECT_VERSION = 1;
				DEVELOPMENT_TEAM = 5X8H5M27DY;
				GENERATE_INFOPLIST_FILE = YES;
				MARKETING_VERSION = 1.0;
				PRODUCT_BUNDLE_IDENTIFIER = com.jainullas.EssentialFeedTests;
				PRODUCT_NAME = "$(TARGET_NAME)";
				SWIFT_EMIT_LOC_STRINGS = NO;
				SWIFT_VERSION = 5.0;
			};
			name = Debug;
		};
		2817407929D8117500D1B0F0 /* Release */ = {
			isa = XCBuildConfiguration;
			buildSettings = {
				ALWAYS_EMBED_SWIFT_STANDARD_LIBRARIES = YES;
				CODE_SIGN_STYLE = Automatic;
				CURRENT_PROJECT_VERSION = 1;
				DEVELOPMENT_TEAM = 5X8H5M27DY;
				GENERATE_INFOPLIST_FILE = YES;
				MARKETING_VERSION = 1.0;
				PRODUCT_BUNDLE_IDENTIFIER = com.jainullas.EssentialFeedTests;
				PRODUCT_NAME = "$(TARGET_NAME)";
				SWIFT_EMIT_LOC_STRINGS = NO;
				SWIFT_VERSION = 5.0;
			};
			name = Release;
		};
		28BF5DF829DE991F00FD870A /* Debug */ = {
			isa = XCBuildConfiguration;
			buildSettings = {
				CODE_SIGN_STYLE = Automatic;
				CURRENT_PROJECT_VERSION = 1;
				DEVELOPMENT_TEAM = 5X8H5M27DY;
				GENERATE_INFOPLIST_FILE = YES;
				MARKETING_VERSION = 1.0;
				PRODUCT_BUNDLE_IDENTIFIER = com.jainullas.EssentialFeedApiEndToEndTests;
				PRODUCT_NAME = "$(TARGET_NAME)";
				SWIFT_EMIT_LOC_STRINGS = NO;
				SWIFT_VERSION = 5.0;
			};
			name = Debug;
		};
		28BF5DF929DE991F00FD870A /* Release */ = {
			isa = XCBuildConfiguration;
			buildSettings = {
				CODE_SIGN_STYLE = Automatic;
				CURRENT_PROJECT_VERSION = 1;
				DEVELOPMENT_TEAM = 5X8H5M27DY;
				GENERATE_INFOPLIST_FILE = YES;
				MARKETING_VERSION = 1.0;
				PRODUCT_BUNDLE_IDENTIFIER = com.jainullas.EssentialFeedApiEndToEndTests;
				PRODUCT_NAME = "$(TARGET_NAME)";
				SWIFT_EMIT_LOC_STRINGS = NO;
				SWIFT_VERSION = 5.0;
			};
			name = Release;
		};
/* End XCBuildConfiguration section */

/* Begin XCConfigurationList section */
		2817405C29D8115C00D1B0F0 /* Build configuration list for PBXProject "EssentialFeed" */ = {
			isa = XCConfigurationList;
			buildConfigurations = (
				2817406729D8115C00D1B0F0 /* Debug */,
				2817406829D8115C00D1B0F0 /* Release */,
			);
			defaultConfigurationIsVisible = 0;
			defaultConfigurationName = Release;
		};
		2817406929D8115C00D1B0F0 /* Build configuration list for PBXNativeTarget "EssentialFeed" */ = {
			isa = XCConfigurationList;
			buildConfigurations = (
				2817406A29D8115C00D1B0F0 /* Debug */,
				2817406B29D8115C00D1B0F0 /* Release */,
			);
			defaultConfigurationIsVisible = 0;
			defaultConfigurationName = Release;
		};
		2817407729D8117500D1B0F0 /* Build configuration list for PBXNativeTarget "EssentialFeedTests" */ = {
			isa = XCConfigurationList;
			buildConfigurations = (
				2817407829D8117500D1B0F0 /* Debug */,
				2817407929D8117500D1B0F0 /* Release */,
			);
			defaultConfigurationIsVisible = 0;
			defaultConfigurationName = Release;
		};
		28BF5DFA29DE991F00FD870A /* Build configuration list for PBXNativeTarget "EssentialFeedApiEndToEndTests" */ = {
			isa = XCConfigurationList;
			buildConfigurations = (
				28BF5DF829DE991F00FD870A /* Debug */,
				28BF5DF929DE991F00FD870A /* Release */,
			);
			defaultConfigurationIsVisible = 0;
			defaultConfigurationName = Release;
		};
/* End XCConfigurationList section */
	};
	rootObject = 2817405929D8115C00D1B0F0 /* Project object */;
}
