// !$*UTF8*$!
{
	archiveVersion = 1;
	classes = {
	};
	objectVersion = 56;
	objects = {

/* Begin PBXBuildFile section */
		2817406629D8115C00D1B0F0 /* EssentialFeed.h in Headers */ = {isa = PBXBuildFile; fileRef = 2817406529D8115C00D1B0F0 /* EssentialFeed.h */; settings = {ATTRIBUTES = (Public, ); }; };
		2817407329D8117500D1B0F0 /* URLSessionHTTPClientTests.swift in Sources */ = {isa = PBXBuildFile; fileRef = 2817407229D8117500D1B0F0 /* URLSessionHTTPClientTests.swift */; };
		2817407429D8117500D1B0F0 /* EssentialFeed.framework in Frameworks */ = {isa = PBXBuildFile; fileRef = 2817406229D8115C00D1B0F0 /* EssentialFeed.framework */; };
		2817407B29D8118900D1B0F0 /* FeedImage.swift in Sources */ = {isa = PBXBuildFile; fileRef = 2817407A29D8118900D1B0F0 /* FeedImage.swift */; };
		2817407D29D811E200D1B0F0 /* FeedLoader.swift in Sources */ = {isa = PBXBuildFile; fileRef = 2817407C29D811E200D1B0F0 /* FeedLoader.swift */; };
		2817408129D8128E00D1B0F0 /* RemoteFeedLoader.swift in Sources */ = {isa = PBXBuildFile; fileRef = 2817408029D8128E00D1B0F0 /* RemoteFeedLoader.swift */; };
		2817408329D8138200D1B0F0 /* LoadFeedFromRemoteUseCaseTests.swift in Sources */ = {isa = PBXBuildFile; fileRef = 2817408229D8138100D1B0F0 /* LoadFeedFromRemoteUseCaseTests.swift */; };
		2817408529D9627500D1B0F0 /* HTTPClient.swift in Sources */ = {isa = PBXBuildFile; fileRef = 2817408429D9627500D1B0F0 /* HTTPClient.swift */; };
		2817408729D962D600D1B0F0 /* FeedItemsMapper.swift in Sources */ = {isa = PBXBuildFile; fileRef = 2817408629D962D600D1B0F0 /* FeedItemsMapper.swift */; };
		284C0E7329E66DF0001F7D7E /* FeedCacheTestHelpers.swift in Sources */ = {isa = PBXBuildFile; fileRef = 284C0E7229E66DF0001F7D7E /* FeedCacheTestHelpers.swift */; };
		284C0E7529E66E91001F7D7E /* SharedTestHelpers.swift in Sources */ = {isa = PBXBuildFile; fileRef = 284C0E7429E66E91001F7D7E /* SharedTestHelpers.swift */; };
		28639FB52A077E8A00CF2742 /* CoreDataHelpers.swift in Sources */ = {isa = PBXBuildFile; fileRef = 28639FB42A077E8A00CF2742 /* CoreDataHelpers.swift */; };
		28639FB82A077EC100CF2742 /* CoreDataFeedStore.swift in Sources */ = {isa = PBXBuildFile; fileRef = 28639FB72A077EC100CF2742 /* CoreDataFeedStore.swift */; };
		28639FBA2A077F3C00CF2742 /* ManagedCache.swift in Sources */ = {isa = PBXBuildFile; fileRef = 28639FB92A077F3C00CF2742 /* ManagedCache.swift */; };
		28639FBC2A077F4E00CF2742 /* ManagedFeedImage.swift in Sources */ = {isa = PBXBuildFile; fileRef = 28639FBB2A077F4E00CF2742 /* ManagedFeedImage.swift */; };
		28639FBE2A077FAB00CF2742 /* CoreDataFeedStoreTests.swift in Sources */ = {isa = PBXBuildFile; fileRef = 28639FBD2A077FAB00CF2742 /* CoreDataFeedStoreTests.swift */; };
		28639FC02A07800D00CF2742 /* NSManagedObjectContext+Stub.swift in Sources */ = {isa = PBXBuildFile; fileRef = 28639FBF2A07800D00CF2742 /* NSManagedObjectContext+Stub.swift */; };
		28639FC22A07802500CF2742 /* NSManagedObjectContext+Helpers.swift in Sources */ = {isa = PBXBuildFile; fileRef = 28639FC12A07802500CF2742 /* NSManagedObjectContext+Helpers.swift */; };
		28639FC42A07803B00CF2742 /* NSEntityDescription+Assertions.swift in Sources */ = {isa = PBXBuildFile; fileRef = 28639FC32A07803B00CF2742 /* NSEntityDescription+Assertions.swift */; };
		28639FC62A07BD1A00CF2742 /* FeedStoreIntegrationTests.swift in Sources */ = {isa = PBXBuildFile; fileRef = 28639FC52A07BD1A00CF2742 /* FeedStoreIntegrationTests.swift */; };
		28639FCB2A07BE2C00CF2742 /* XCTestCase+FeedStoreSpecs.swift in Sources */ = {isa = PBXBuildFile; fileRef = 28E1179729F100FB003018DD /* XCTestCase+FeedStoreSpecs.swift */; };
		28639FCE2A07BEB200CF2742 /* FeedCacheTestHelpers.swift in Sources */ = {isa = PBXBuildFile; fileRef = 284C0E7229E66DF0001F7D7E /* FeedCacheTestHelpers.swift */; };
		28639FCF2A07BEBB00CF2742 /* SharedTestHelpers.swift in Sources */ = {isa = PBXBuildFile; fileRef = 284C0E7429E66E91001F7D7E /* SharedTestHelpers.swift */; };
		28639FD02A07BED900CF2742 /* XCTestCase+FailableRetrieveFeedStoreSpecs.swift in Sources */ = {isa = PBXBuildFile; fileRef = 28E1179929F102A3003018DD /* XCTestCase+FailableRetrieveFeedStoreSpecs.swift */; };
		28639FD12A07BEDC00CF2742 /* XCTestCase+FailableInsertFeedStoreSpecs.swift .swift in Sources */ = {isa = PBXBuildFile; fileRef = 28E1179B29F10317003018DD /* XCTestCase+FailableInsertFeedStoreSpecs.swift .swift */; };
		28639FD22A07BEDE00CF2742 /* XCTestCase+FailableDeleteFeedStoreSpecs.swift in Sources */ = {isa = PBXBuildFile; fileRef = 28E1179D29F1044A003018DD /* XCTestCase+FailableDeleteFeedStoreSpecs.swift */; };
		28639FD42A07BF1F00CF2742 /* FeedStoreSpecs.swift in Sources */ = {isa = PBXBuildFile; fileRef = 28E1179529F1003A003018DD /* FeedStoreSpecs.swift */; };
		28639FD52A07BF2000CF2742 /* FeedStoreSpecs.swift in Sources */ = {isa = PBXBuildFile; fileRef = 28E1179529F1003A003018DD /* FeedStoreSpecs.swift */; };
		28639FD62A07BF9000CF2742 /* NSManagedObjectContext+Stub.swift in Sources */ = {isa = PBXBuildFile; fileRef = 28639FBF2A07800D00CF2742 /* NSManagedObjectContext+Stub.swift */; };
		28639FD72A07BF9400CF2742 /* NSManagedObjectContext+Helpers.swift in Sources */ = {isa = PBXBuildFile; fileRef = 28639FC12A07802500CF2742 /* NSManagedObjectContext+Helpers.swift */; };
		28639FD82A07BF9700CF2742 /* NSEntityDescription+Assertions.swift in Sources */ = {isa = PBXBuildFile; fileRef = 28639FC32A07803B00CF2742 /* NSEntityDescription+Assertions.swift */; };
		286813752A077A6300DE26C8 /* FeedStore.xcdatamodeld in Sources */ = {isa = PBXBuildFile; fileRef = 286813732A077A6300DE26C8 /* FeedStore.xcdatamodeld */; };
		286BC4F829E43FFE00261732 /* LocalFeedImage.swift in Sources */ = {isa = PBXBuildFile; fileRef = 286BC4F729E43FFE00261732 /* LocalFeedImage.swift */; };
		286BC4FA29E4402300261732 /* RemoteFeedItem.swift in Sources */ = {isa = PBXBuildFile; fileRef = 286BC4F929E4402300261732 /* RemoteFeedItem.swift */; };
		286BC4FC29E50F9300261732 /* LoadFeedFromCacheUseCaseTests.swift in Sources */ = {isa = PBXBuildFile; fileRef = 286BC4FB29E50F9300261732 /* LoadFeedFromCacheUseCaseTests.swift */; };
		286BC4FF29E5100700261732 /* FeedStoreSpy.swift in Sources */ = {isa = PBXBuildFile; fileRef = 286BC4FE29E5100700261732 /* FeedStoreSpy.swift */; };
		28810A0529E167F600FFC194 /* CacheFeedUseCaseTests.swift in Sources */ = {isa = PBXBuildFile; fileRef = 28810A0429E167F600FFC194 /* CacheFeedUseCaseTests.swift */; };
		288215CB29DD47F50097D6AA /* URLSessionHTTPClient.swift in Sources */ = {isa = PBXBuildFile; fileRef = 288215CA29DD47F50097D6AA /* URLSessionHTTPClient.swift */; };
		28850E362A11037300145FE1 /* FeedViewControllerTests.swift in Sources */ = {isa = PBXBuildFile; fileRef = 28850E352A11037300145FE1 /* FeedViewControllerTests.swift */; };
		28850E382A11064800145FE1 /* TrackMemoryLeakHelper.swift in Sources */ = {isa = PBXBuildFile; fileRef = 28F1EC5129DBE0080008D409 /* TrackMemoryLeakHelper.swift */; };
		28850E3A2A1109E700145FE1 /* FeedViewController.swift in Sources */ = {isa = PBXBuildFile; fileRef = 28850E392A1109E700145FE1 /* FeedViewController.swift */; };
		28850E3C2A11214B00145FE1 /* FeedImageCell.swift in Sources */ = {isa = PBXBuildFile; fileRef = 28850E3B2A11214B00145FE1 /* FeedImageCell.swift */; };
		28850E3E2A11EF8F00145FE1 /* UIView+Shimmering.swift .swift in Sources */ = {isa = PBXBuildFile; fileRef = 28850E3D2A11EF8F00145FE1 /* UIView+Shimmering.swift .swift */; };
		28850E432A11F88300145FE1 /* FeedImageDataLoader.swift in Sources */ = {isa = PBXBuildFile; fileRef = 28850E422A11F88300145FE1 /* FeedImageDataLoader.swift */; };
		28850E482A11F8F900145FE1 /* UIImage+TestHelpers.swift .swift in Sources */ = {isa = PBXBuildFile; fileRef = 28850E472A11F8F900145FE1 /* UIImage+TestHelpers.swift .swift */; };
		28850E4A2A11F94A00145FE1 /* UIRefreshControl+TestHelpers.swift .swift in Sources */ = {isa = PBXBuildFile; fileRef = 28850E492A11F94A00145FE1 /* UIRefreshControl+TestHelpers.swift .swift */; };
		28850E4C2A11F97600145FE1 /* UIButton+TestHelpers.swift .swift in Sources */ = {isa = PBXBuildFile; fileRef = 28850E4B2A11F97600145FE1 /* UIButton+TestHelpers.swift .swift */; };
		28850E4E2A11F9A100145FE1 /* UIControl+TestHelpers.swift .swift in Sources */ = {isa = PBXBuildFile; fileRef = 28850E4D2A11F9A100145FE1 /* UIControl+TestHelpers.swift .swift */; };
		28850E502A11F9FC00145FE1 /* FeedViewController+TestHelpers.swift .swift in Sources */ = {isa = PBXBuildFile; fileRef = 28850E4F2A11F9FC00145FE1 /* FeedViewController+TestHelpers.swift .swift */; };
		28850E522A11FA2D00145FE1 /* FeedImageCell+TestHelpers.swift in Sources */ = {isa = PBXBuildFile; fileRef = 28850E512A11FA2D00145FE1 /* FeedImageCell+TestHelpers.swift */; };
		28850E542A11FA7000145FE1 /* FeedViewControllerTests+LoaderSpy.swift .swift in Sources */ = {isa = PBXBuildFile; fileRef = 28850E532A11FA7000145FE1 /* FeedViewControllerTests+LoaderSpy.swift .swift */; };
		28850E562A11FAA600145FE1 /* FeedViewControllerTests+Assertions.swift .swift in Sources */ = {isa = PBXBuildFile; fileRef = 28850E552A11FAA600145FE1 /* FeedViewControllerTests+Assertions.swift .swift */; };
		28BF5DF429DE991F00FD870A /* EssentialFeedApiEndToEndTests.swift in Sources */ = {isa = PBXBuildFile; fileRef = 28BF5DF329DE991F00FD870A /* EssentialFeedApiEndToEndTests.swift */; };
		28BF5DF529DE991F00FD870A /* EssentialFeed.framework in Frameworks */ = {isa = PBXBuildFile; fileRef = 2817406229D8115C00D1B0F0 /* EssentialFeed.framework */; };
		28CD284C29E83EE300537A2D /* FeedCachePolicy.swift in Sources */ = {isa = PBXBuildFile; fileRef = 28CD284B29E83EE300537A2D /* FeedCachePolicy.swift */; };
		28D40CAC29DE9AC10057D176 /* TrackMemoryLeakHelper.swift in Sources */ = {isa = PBXBuildFile; fileRef = 28F1EC5129DBE0080008D409 /* TrackMemoryLeakHelper.swift */; };
		28E1179829F100FB003018DD /* XCTestCase+FeedStoreSpecs.swift in Sources */ = {isa = PBXBuildFile; fileRef = 28E1179729F100FB003018DD /* XCTestCase+FeedStoreSpecs.swift */; };
		28E1179A29F102A3003018DD /* XCTestCase+FailableRetrieveFeedStoreSpecs.swift in Sources */ = {isa = PBXBuildFile; fileRef = 28E1179929F102A3003018DD /* XCTestCase+FailableRetrieveFeedStoreSpecs.swift */; };
		28E1179C29F10317003018DD /* XCTestCase+FailableInsertFeedStoreSpecs.swift .swift in Sources */ = {isa = PBXBuildFile; fileRef = 28E1179B29F10317003018DD /* XCTestCase+FailableInsertFeedStoreSpecs.swift .swift */; };
		28E1179E29F1044A003018DD /* XCTestCase+FailableDeleteFeedStoreSpecs.swift in Sources */ = {isa = PBXBuildFile; fileRef = 28E1179D29F1044A003018DD /* XCTestCase+FailableDeleteFeedStoreSpecs.swift */; };
		28F1D7C72A0B2D6700432BA2 /* EssentialFeediOS.framework in Frameworks */ = {isa = PBXBuildFile; fileRef = 28F1D7BF2A0B2D6600432BA2 /* EssentialFeediOS.framework */; };
		28F1EC5229DBE0080008D409 /* TrackMemoryLeakHelper.swift in Sources */ = {isa = PBXBuildFile; fileRef = 28F1EC5129DBE0080008D409 /* TrackMemoryLeakHelper.swift */; };
		28F2DBC729E3D1CD00A0F85A /* FeedStore.swift in Sources */ = {isa = PBXBuildFile; fileRef = 28F2DBC629E3D1CD00A0F85A /* FeedStore.swift */; };
		28F2DBC929E3D1E500A0F85A /* LocalFeedLoader.swift in Sources */ = {isa = PBXBuildFile; fileRef = 28F2DBC829E3D1E500A0F85A /* LocalFeedLoader.swift */; };
		28FDEEE029E59DE6003C7852 /* ValidateFeedCacheUseCaseTests.swift in Sources */ = {isa = PBXBuildFile; fileRef = 28FDEEDF29E59DE6003C7852 /* ValidateFeedCacheUseCaseTests.swift */; };
/* End PBXBuildFile section */

/* Begin PBXContainerItemProxy section */
		2817407529D8117500D1B0F0 /* PBXContainerItemProxy */ = {
			isa = PBXContainerItemProxy;
			containerPortal = 2817405929D8115C00D1B0F0 /* Project object */;
			proxyType = 1;
			remoteGlobalIDString = 2817406129D8115C00D1B0F0;
			remoteInfo = EssentialFeed;
		};
		28BF5DF629DE991F00FD870A /* PBXContainerItemProxy */ = {
			isa = PBXContainerItemProxy;
			containerPortal = 2817405929D8115C00D1B0F0 /* Project object */;
			proxyType = 1;
			remoteGlobalIDString = 2817406129D8115C00D1B0F0;
			remoteInfo = EssentialFeed;
		};
		28F1D7C82A0B2D6700432BA2 /* PBXContainerItemProxy */ = {
			isa = PBXContainerItemProxy;
			containerPortal = 2817405929D8115C00D1B0F0 /* Project object */;
			proxyType = 1;
			remoteGlobalIDString = 28F1D7BE2A0B2D6600432BA2;
			remoteInfo = EssentialFeediOS;
		};
/* End PBXContainerItemProxy section */

/* Begin PBXFileReference section */
		2817406229D8115C00D1B0F0 /* EssentialFeed.framework */ = {isa = PBXFileReference; explicitFileType = wrapper.framework; includeInIndex = 0; path = EssentialFeed.framework; sourceTree = BUILT_PRODUCTS_DIR; };
		2817406529D8115C00D1B0F0 /* EssentialFeed.h */ = {isa = PBXFileReference; lastKnownFileType = sourcecode.c.h; path = EssentialFeed.h; sourceTree = "<group>"; };
		2817407029D8117400D1B0F0 /* EssentialFeedTests.xctest */ = {isa = PBXFileReference; explicitFileType = wrapper.cfbundle; includeInIndex = 0; path = EssentialFeedTests.xctest; sourceTree = BUILT_PRODUCTS_DIR; };
		2817407229D8117500D1B0F0 /* URLSessionHTTPClientTests.swift */ = {isa = PBXFileReference; lastKnownFileType = sourcecode.swift; path = URLSessionHTTPClientTests.swift; sourceTree = "<group>"; };
		2817407A29D8118900D1B0F0 /* FeedImage.swift */ = {isa = PBXFileReference; lastKnownFileType = sourcecode.swift; path = FeedImage.swift; sourceTree = "<group>"; };
		2817407C29D811E200D1B0F0 /* FeedLoader.swift */ = {isa = PBXFileReference; lastKnownFileType = sourcecode.swift; path = FeedLoader.swift; sourceTree = "<group>"; };
		2817408029D8128E00D1B0F0 /* RemoteFeedLoader.swift */ = {isa = PBXFileReference; lastKnownFileType = sourcecode.swift; path = RemoteFeedLoader.swift; sourceTree = "<group>"; };
		2817408229D8138100D1B0F0 /* LoadFeedFromRemoteUseCaseTests.swift */ = {isa = PBXFileReference; lastKnownFileType = sourcecode.swift; path = LoadFeedFromRemoteUseCaseTests.swift; sourceTree = "<group>"; };
		2817408429D9627500D1B0F0 /* HTTPClient.swift */ = {isa = PBXFileReference; lastKnownFileType = sourcecode.swift; path = HTTPClient.swift; sourceTree = "<group>"; };
		2817408629D962D600D1B0F0 /* FeedItemsMapper.swift */ = {isa = PBXFileReference; lastKnownFileType = sourcecode.swift; path = FeedItemsMapper.swift; sourceTree = "<group>"; };
		284C0E7229E66DF0001F7D7E /* FeedCacheTestHelpers.swift */ = {isa = PBXFileReference; lastKnownFileType = sourcecode.swift; path = FeedCacheTestHelpers.swift; sourceTree = "<group>"; };
		284C0E7429E66E91001F7D7E /* SharedTestHelpers.swift */ = {isa = PBXFileReference; lastKnownFileType = sourcecode.swift; path = SharedTestHelpers.swift; sourceTree = "<group>"; };
		28639FB42A077E8A00CF2742 /* CoreDataHelpers.swift */ = {isa = PBXFileReference; lastKnownFileType = sourcecode.swift; path = CoreDataHelpers.swift; sourceTree = "<group>"; };
		28639FB72A077EC100CF2742 /* CoreDataFeedStore.swift */ = {isa = PBXFileReference; lastKnownFileType = sourcecode.swift; path = CoreDataFeedStore.swift; sourceTree = "<group>"; };
		28639FB92A077F3C00CF2742 /* ManagedCache.swift */ = {isa = PBXFileReference; lastKnownFileType = sourcecode.swift; path = ManagedCache.swift; sourceTree = "<group>"; };
		28639FBB2A077F4E00CF2742 /* ManagedFeedImage.swift */ = {isa = PBXFileReference; lastKnownFileType = sourcecode.swift; path = ManagedFeedImage.swift; sourceTree = "<group>"; };
		28639FBD2A077FAB00CF2742 /* CoreDataFeedStoreTests.swift */ = {isa = PBXFileReference; lastKnownFileType = sourcecode.swift; path = CoreDataFeedStoreTests.swift; sourceTree = "<group>"; };
		28639FBF2A07800D00CF2742 /* NSManagedObjectContext+Stub.swift */ = {isa = PBXFileReference; lastKnownFileType = sourcecode.swift; path = "NSManagedObjectContext+Stub.swift"; sourceTree = "<group>"; };
		28639FC12A07802500CF2742 /* NSManagedObjectContext+Helpers.swift */ = {isa = PBXFileReference; lastKnownFileType = sourcecode.swift; path = "NSManagedObjectContext+Helpers.swift"; sourceTree = "<group>"; };
		28639FC32A07803B00CF2742 /* NSEntityDescription+Assertions.swift */ = {isa = PBXFileReference; lastKnownFileType = sourcecode.swift; path = "NSEntityDescription+Assertions.swift"; sourceTree = "<group>"; };
		28639FC52A07BD1A00CF2742 /* FeedStoreIntegrationTests.swift */ = {isa = PBXFileReference; lastKnownFileType = sourcecode.swift; path = FeedStoreIntegrationTests.swift; sourceTree = "<group>"; };
		286813742A077A6300DE26C8 /* FeedStore.xcdatamodel */ = {isa = PBXFileReference; lastKnownFileType = wrapper.xcdatamodel; path = FeedStore.xcdatamodel; sourceTree = "<group>"; };
		286BC4F729E43FFE00261732 /* LocalFeedImage.swift */ = {isa = PBXFileReference; lastKnownFileType = sourcecode.swift; path = LocalFeedImage.swift; sourceTree = "<group>"; };
		286BC4F929E4402300261732 /* RemoteFeedItem.swift */ = {isa = PBXFileReference; lastKnownFileType = sourcecode.swift; path = RemoteFeedItem.swift; sourceTree = "<group>"; };
		286BC4FB29E50F9300261732 /* LoadFeedFromCacheUseCaseTests.swift */ = {isa = PBXFileReference; lastKnownFileType = sourcecode.swift; path = LoadFeedFromCacheUseCaseTests.swift; sourceTree = "<group>"; };
		286BC4FE29E5100700261732 /* FeedStoreSpy.swift */ = {isa = PBXFileReference; lastKnownFileType = sourcecode.swift; path = FeedStoreSpy.swift; sourceTree = "<group>"; };
		28810A0429E167F600FFC194 /* CacheFeedUseCaseTests.swift */ = {isa = PBXFileReference; lastKnownFileType = sourcecode.swift; path = CacheFeedUseCaseTests.swift; sourceTree = "<group>"; };
		288215CA29DD47F50097D6AA /* URLSessionHTTPClient.swift */ = {isa = PBXFileReference; lastKnownFileType = sourcecode.swift; path = URLSessionHTTPClient.swift; sourceTree = "<group>"; };
		288215CC29DD4B850097D6AA /* EssentialFeed.xctestplan */ = {isa = PBXFileReference; lastKnownFileType = text; path = EssentialFeed.xctestplan; sourceTree = "<group>"; };
		28850E352A11037300145FE1 /* FeedViewControllerTests.swift */ = {isa = PBXFileReference; lastKnownFileType = sourcecode.swift; path = FeedViewControllerTests.swift; sourceTree = "<group>"; };
		28850E392A1109E700145FE1 /* FeedViewController.swift */ = {isa = PBXFileReference; lastKnownFileType = sourcecode.swift; path = FeedViewController.swift; sourceTree = "<group>"; };
		28850E3B2A11214B00145FE1 /* FeedImageCell.swift */ = {isa = PBXFileReference; lastKnownFileType = sourcecode.swift; path = FeedImageCell.swift; sourceTree = "<group>"; };
		28850E3D2A11EF8F00145FE1 /* UIView+Shimmering.swift .swift */ = {isa = PBXFileReference; lastKnownFileType = sourcecode.swift; path = "UIView+Shimmering.swift .swift"; sourceTree = "<group>"; };
		28850E422A11F88300145FE1 /* FeedImageDataLoader.swift */ = {isa = PBXFileReference; lastKnownFileType = sourcecode.swift; path = FeedImageDataLoader.swift; sourceTree = "<group>"; };
		28850E472A11F8F900145FE1 /* UIImage+TestHelpers.swift .swift */ = {isa = PBXFileReference; lastKnownFileType = sourcecode.swift; path = "UIImage+TestHelpers.swift .swift"; sourceTree = "<group>"; };
		28850E492A11F94A00145FE1 /* UIRefreshControl+TestHelpers.swift .swift */ = {isa = PBXFileReference; lastKnownFileType = sourcecode.swift; path = "UIRefreshControl+TestHelpers.swift .swift"; sourceTree = "<group>"; };
		28850E4B2A11F97600145FE1 /* UIButton+TestHelpers.swift .swift */ = {isa = PBXFileReference; lastKnownFileType = sourcecode.swift; path = "UIButton+TestHelpers.swift .swift"; sourceTree = "<group>"; };
		28850E4D2A11F9A100145FE1 /* UIControl+TestHelpers.swift .swift */ = {isa = PBXFileReference; lastKnownFileType = sourcecode.swift; path = "UIControl+TestHelpers.swift .swift"; sourceTree = "<group>"; };
		28850E4F2A11F9FC00145FE1 /* FeedViewController+TestHelpers.swift .swift */ = {isa = PBXFileReference; lastKnownFileType = sourcecode.swift; path = "FeedViewController+TestHelpers.swift .swift"; sourceTree = "<group>"; };
		28850E512A11FA2D00145FE1 /* FeedImageCell+TestHelpers.swift */ = {isa = PBXFileReference; lastKnownFileType = sourcecode.swift; path = "FeedImageCell+TestHelpers.swift"; sourceTree = "<group>"; };
		28850E532A11FA7000145FE1 /* FeedViewControllerTests+LoaderSpy.swift .swift */ = {isa = PBXFileReference; lastKnownFileType = sourcecode.swift; path = "FeedViewControllerTests+LoaderSpy.swift .swift"; sourceTree = "<group>"; };
		28850E552A11FAA600145FE1 /* FeedViewControllerTests+Assertions.swift .swift */ = {isa = PBXFileReference; lastKnownFileType = sourcecode.swift; path = "FeedViewControllerTests+Assertions.swift .swift"; sourceTree = "<group>"; };
		28BF5DF129DE991F00FD870A /* EssentialFeedApiEndToEndTests.xctest */ = {isa = PBXFileReference; explicitFileType = wrapper.cfbundle; includeInIndex = 0; path = EssentialFeedApiEndToEndTests.xctest; sourceTree = BUILT_PRODUCTS_DIR; };
		28BF5DF329DE991F00FD870A /* EssentialFeedApiEndToEndTests.swift */ = {isa = PBXFileReference; lastKnownFileType = sourcecode.swift; path = EssentialFeedApiEndToEndTests.swift; sourceTree = "<group>"; };
		28CD284B29E83EE300537A2D /* FeedCachePolicy.swift */ = {isa = PBXFileReference; lastKnownFileType = sourcecode.swift; path = FeedCachePolicy.swift; sourceTree = "<group>"; };
		28E1179529F1003A003018DD /* FeedStoreSpecs.swift */ = {isa = PBXFileReference; lastKnownFileType = sourcecode.swift; path = FeedStoreSpecs.swift; sourceTree = "<group>"; };
		28E1179729F100FB003018DD /* XCTestCase+FeedStoreSpecs.swift */ = {isa = PBXFileReference; lastKnownFileType = sourcecode.swift; path = "XCTestCase+FeedStoreSpecs.swift"; sourceTree = "<group>"; };
		28E1179929F102A3003018DD /* XCTestCase+FailableRetrieveFeedStoreSpecs.swift */ = {isa = PBXFileReference; lastKnownFileType = sourcecode.swift; path = "XCTestCase+FailableRetrieveFeedStoreSpecs.swift"; sourceTree = "<group>"; };
		28E1179B29F10317003018DD /* XCTestCase+FailableInsertFeedStoreSpecs.swift .swift */ = {isa = PBXFileReference; lastKnownFileType = sourcecode.swift; path = "XCTestCase+FailableInsertFeedStoreSpecs.swift .swift"; sourceTree = "<group>"; };
		28E1179D29F1044A003018DD /* XCTestCase+FailableDeleteFeedStoreSpecs.swift */ = {isa = PBXFileReference; lastKnownFileType = sourcecode.swift; path = "XCTestCase+FailableDeleteFeedStoreSpecs.swift"; sourceTree = "<group>"; };
		28F1D7BF2A0B2D6600432BA2 /* EssentialFeediOS.framework */ = {isa = PBXFileReference; explicitFileType = wrapper.framework; includeInIndex = 0; path = EssentialFeediOS.framework; sourceTree = BUILT_PRODUCTS_DIR; };
		28F1D7C62A0B2D6700432BA2 /* EssentialFeediOSTests.xctest */ = {isa = PBXFileReference; explicitFileType = wrapper.cfbundle; includeInIndex = 0; path = EssentialFeediOSTests.xctest; sourceTree = BUILT_PRODUCTS_DIR; };
		28F1EC5129DBE0080008D409 /* TrackMemoryLeakHelper.swift */ = {isa = PBXFileReference; lastKnownFileType = sourcecode.swift; path = TrackMemoryLeakHelper.swift; sourceTree = "<group>"; };
		28F2DBC629E3D1CD00A0F85A /* FeedStore.swift */ = {isa = PBXFileReference; lastKnownFileType = sourcecode.swift; path = FeedStore.swift; sourceTree = "<group>"; };
		28F2DBC829E3D1E500A0F85A /* LocalFeedLoader.swift */ = {isa = PBXFileReference; lastKnownFileType = sourcecode.swift; path = LocalFeedLoader.swift; sourceTree = "<group>"; };
		28FDEEDF29E59DE6003C7852 /* ValidateFeedCacheUseCaseTests.swift */ = {isa = PBXFileReference; lastKnownFileType = sourcecode.swift; path = ValidateFeedCacheUseCaseTests.swift; sourceTree = "<group>"; };
/* End PBXFileReference section */

/* Begin PBXFrameworksBuildPhase section */
		2817405F29D8115C00D1B0F0 /* Frameworks */ = {
			isa = PBXFrameworksBuildPhase;
			buildActionMask = 2147483647;
			files = (
			);
			runOnlyForDeploymentPostprocessing = 0;
		};
		2817406D29D8117400D1B0F0 /* Frameworks */ = {
			isa = PBXFrameworksBuildPhase;
			buildActionMask = 2147483647;
			files = (
				2817407429D8117500D1B0F0 /* EssentialFeed.framework in Frameworks */,
			);
			runOnlyForDeploymentPostprocessing = 0;
		};
		28BF5DEE29DE991F00FD870A /* Frameworks */ = {
			isa = PBXFrameworksBuildPhase;
			buildActionMask = 2147483647;
			files = (
				28BF5DF529DE991F00FD870A /* EssentialFeed.framework in Frameworks */,
			);
			runOnlyForDeploymentPostprocessing = 0;
		};
		28F1D7BC2A0B2D6600432BA2 /* Frameworks */ = {
			isa = PBXFrameworksBuildPhase;
			buildActionMask = 2147483647;
			files = (
			);
			runOnlyForDeploymentPostprocessing = 0;
		};
		28F1D7C32A0B2D6700432BA2 /* Frameworks */ = {
			isa = PBXFrameworksBuildPhase;
			buildActionMask = 2147483647;
			files = (
				28F1D7C72A0B2D6700432BA2 /* EssentialFeediOS.framework in Frameworks */,
			);
			runOnlyForDeploymentPostprocessing = 0;
		};
/* End PBXFrameworksBuildPhase section */

/* Begin PBXGroup section */
		2817405829D8115C00D1B0F0 = {
			isa = PBXGroup;
			children = (
				288215CC29DD4B850097D6AA /* EssentialFeed.xctestplan */,
				2817406429D8115C00D1B0F0 /* EssentialFeed */,
				2817407129D8117500D1B0F0 /* EssentialFeedTests */,
				28F1D7B92A0B2CD400432BA2 /* EssentialFeedStoreEndToEndTests */,
				28BF5DF229DE991F00FD870A /* EssentialFeedApiEndToEndTests */,
				28F1D7C02A0B2D6600432BA2 /* EssentialFeediOS */,
				28F1D7CA2A0B2D6700432BA2 /* EssentialFeediOSTests */,
				2817406329D8115C00D1B0F0 /* Products */,
			);
			sourceTree = "<group>";
		};
		2817406329D8115C00D1B0F0 /* Products */ = {
			isa = PBXGroup;
			children = (
				2817406229D8115C00D1B0F0 /* EssentialFeed.framework */,
				2817407029D8117400D1B0F0 /* EssentialFeedTests.xctest */,
				28BF5DF129DE991F00FD870A /* EssentialFeedApiEndToEndTests.xctest */,
				28F1D7BF2A0B2D6600432BA2 /* EssentialFeediOS.framework */,
				28F1D7C62A0B2D6700432BA2 /* EssentialFeediOSTests.xctest */,
			);
			name = Products;
			sourceTree = "<group>";
		};
		2817406429D8115C00D1B0F0 /* EssentialFeed */ = {
			isa = PBXGroup;
			children = (
				28F2DBC529E3D1B000A0F85A /* Feed Cache */,
				2817406529D8115C00D1B0F0 /* EssentialFeed.h */,
				2817407F29D8127600D1B0F0 /* Feed Feature */,
				2817407E29D8126B00D1B0F0 /* Feed Api */,
			);
			path = EssentialFeed;
			sourceTree = "<group>";
		};
		2817407129D8117500D1B0F0 /* EssentialFeedTests */ = {
			isa = PBXGroup;
			children = (
				28F1EC5029DBDFF30008D409 /* Helpers */,
				28810A0329E167E800FFC194 /* Feed Cache */,
				2817407229D8117500D1B0F0 /* URLSessionHTTPClientTests.swift */,
				2817408229D8138100D1B0F0 /* LoadFeedFromRemoteUseCaseTests.swift */,
			);
			path = EssentialFeedTests;
			sourceTree = "<group>";
		};
		2817407E29D8126B00D1B0F0 /* Feed Api */ = {
			isa = PBXGroup;
			children = (
				2817408029D8128E00D1B0F0 /* RemoteFeedLoader.swift */,
				2817408429D9627500D1B0F0 /* HTTPClient.swift */,
				2817408629D962D600D1B0F0 /* FeedItemsMapper.swift */,
				288215CA29DD47F50097D6AA /* URLSessionHTTPClient.swift */,
				286BC4F929E4402300261732 /* RemoteFeedItem.swift */,
			);
			name = "Feed Api";
			sourceTree = "<group>";
		};
		2817407F29D8127600D1B0F0 /* Feed Feature */ = {
			isa = PBXGroup;
			children = (
				2817407A29D8118900D1B0F0 /* FeedImage.swift */,
				2817407C29D811E200D1B0F0 /* FeedLoader.swift */,
			);
			name = "Feed Feature";
			sourceTree = "<group>";
		};
		28639FB62A077EA200CF2742 /* Helpers */ = {
			isa = PBXGroup;
			children = (
				28639FB42A077E8A00CF2742 /* CoreDataHelpers.swift */,
			);
			name = Helpers;
			sourceTree = "<group>";
		};
		286BC4FD29E50FFE00261732 /* Helpers */ = {
			isa = PBXGroup;
			children = (
				286BC4FE29E5100700261732 /* FeedStoreSpy.swift */,
				284C0E7229E66DF0001F7D7E /* FeedCacheTestHelpers.swift */,
			);
			path = Helpers;
			sourceTree = "<group>";
		};
		28810A0329E167E800FFC194 /* Feed Cache */ = {
			isa = PBXGroup;
			children = (
				286BC4FD29E50FFE00261732 /* Helpers */,
				28810A0429E167F600FFC194 /* CacheFeedUseCaseTests.swift */,
				286BC4FB29E50F9300261732 /* LoadFeedFromCacheUseCaseTests.swift */,
				28FDEEDF29E59DE6003C7852 /* ValidateFeedCacheUseCaseTests.swift */,
				28E1179F29F104AC003018DD /* FeedStoreSpecs */,
				28639FBD2A077FAB00CF2742 /* CoreDataFeedStoreTests.swift */,
			);
			path = "Feed Cache";
			sourceTree = "<group>";
		};
		28850E3F2A11F85400145FE1 /* Feed UI */ = {
			isa = PBXGroup;
			children = (
				28850E402A11F85F00145FE1 /* Controllers */,
				28850E412A11F86800145FE1 /* Views */,
			);
			path = "Feed UI";
			sourceTree = "<group>";
		};
		28850E402A11F85F00145FE1 /* Controllers */ = {
			isa = PBXGroup;
			children = (
				28850E392A1109E700145FE1 /* FeedViewController.swift */,
			);
			path = Controllers;
			sourceTree = "<group>";
		};
		28850E412A11F86800145FE1 /* Views */ = {
			isa = PBXGroup;
			children = (
				28850E3D2A11EF8F00145FE1 /* UIView+Shimmering.swift .swift */,
				28850E3B2A11214B00145FE1 /* FeedImageCell.swift */,
			);
			path = Views;
			sourceTree = "<group>";
		};
		28850E442A11F89E00145FE1 /* Feed Image Loader */ = {
			isa = PBXGroup;
			children = (
				28850E422A11F88300145FE1 /* FeedImageDataLoader.swift */,
			);
			path = "Feed Image Loader";
			sourceTree = "<group>";
		};
		28850E452A11F8B800145FE1 /* Feed UI */ = {
			isa = PBXGroup;
			children = (
				28850E462A11F8C300145FE1 /* Controllers */,
			);
			path = "Feed UI";
			sourceTree = "<group>";
		};
		28850E462A11F8C300145FE1 /* Controllers */ = {
			isa = PBXGroup;
			children = (
				28850E352A11037300145FE1 /* FeedViewControllerTests.swift */,
				28850E572A11FB0D00145FE1 /* Helpers */,
			);
			path = Controllers;
			sourceTree = "<group>";
		};
		28850E572A11FB0D00145FE1 /* Helpers */ = {
			isa = PBXGroup;
			children = (
				28850E472A11F8F900145FE1 /* UIImage+TestHelpers.swift .swift */,
				28850E492A11F94A00145FE1 /* UIRefreshControl+TestHelpers.swift .swift */,
				28850E4B2A11F97600145FE1 /* UIButton+TestHelpers.swift .swift */,
				28850E4D2A11F9A100145FE1 /* UIControl+TestHelpers.swift .swift */,
				28850E4F2A11F9FC00145FE1 /* FeedViewController+TestHelpers.swift .swift */,
				28850E512A11FA2D00145FE1 /* FeedImageCell+TestHelpers.swift */,
				28850E532A11FA7000145FE1 /* FeedViewControllerTests+LoaderSpy.swift .swift */,
				28850E552A11FAA600145FE1 /* FeedViewControllerTests+Assertions.swift .swift */,
			);
			path = Helpers;
			sourceTree = "<group>";
		};
		28BF5DF229DE991F00FD870A /* EssentialFeedApiEndToEndTests */ = {
			isa = PBXGroup;
			children = (
				28BF5DF329DE991F00FD870A /* EssentialFeedApiEndToEndTests.swift */,
			);
			path = EssentialFeedApiEndToEndTests;
			sourceTree = "<group>";
		};
		28E1179F29F104AC003018DD /* FeedStoreSpecs */ = {
			isa = PBXGroup;
			children = (
				28E1179529F1003A003018DD /* FeedStoreSpecs.swift */,
				28E1179729F100FB003018DD /* XCTestCase+FeedStoreSpecs.swift */,
				28E1179929F102A3003018DD /* XCTestCase+FailableRetrieveFeedStoreSpecs.swift */,
				28E1179B29F10317003018DD /* XCTestCase+FailableInsertFeedStoreSpecs.swift .swift */,
				28E1179D29F1044A003018DD /* XCTestCase+FailableDeleteFeedStoreSpecs.swift */,
			);
			path = FeedStoreSpecs;
			sourceTree = "<group>";
		};
		28F1D7B92A0B2CD400432BA2 /* EssentialFeedStoreEndToEndTests */ = {
			isa = PBXGroup;
			children = (
				28639FC52A07BD1A00CF2742 /* FeedStoreIntegrationTests.swift */,
			);
			path = EssentialFeedStoreEndToEndTests;
			sourceTree = "<group>";
		};
		28F1D7C02A0B2D6600432BA2 /* EssentialFeediOS */ = {
			isa = PBXGroup;
			children = (
				28850E442A11F89E00145FE1 /* Feed Image Loader */,
				28850E3F2A11F85400145FE1 /* Feed UI */,
			);
			path = EssentialFeediOS;
			sourceTree = "<group>";
		};
		28F1D7CA2A0B2D6700432BA2 /* EssentialFeediOSTests */ = {
			isa = PBXGroup;
			children = (
				28850E452A11F8B800145FE1 /* Feed UI */,
			);
			path = EssentialFeediOSTests;
			sourceTree = "<group>";
		};
		28F1EC5029DBDFF30008D409 /* Helpers */ = {
			isa = PBXGroup;
			children = (
				28F1EC5129DBE0080008D409 /* TrackMemoryLeakHelper.swift */,
				284C0E7429E66E91001F7D7E /* SharedTestHelpers.swift */,
				28639FBF2A07800D00CF2742 /* NSManagedObjectContext+Stub.swift */,
				28639FC12A07802500CF2742 /* NSManagedObjectContext+Helpers.swift */,
				28639FC32A07803B00CF2742 /* NSEntityDescription+Assertions.swift */,
			);
			path = Helpers;
			sourceTree = "<group>";
		};
		28F2DBC529E3D1B000A0F85A /* Feed Cache */ = {
			isa = PBXGroup;
			children = (
				28639FB62A077EA200CF2742 /* Helpers */,
				28F2DBC629E3D1CD00A0F85A /* FeedStore.swift */,
				28F2DBC829E3D1E500A0F85A /* LocalFeedLoader.swift */,
				286BC4F729E43FFE00261732 /* LocalFeedImage.swift */,
				28CD284B29E83EE300537A2D /* FeedCachePolicy.swift */,
				286813732A077A6300DE26C8 /* FeedStore.xcdatamodeld */,
				28639FB72A077EC100CF2742 /* CoreDataFeedStore.swift */,
				28639FB92A077F3C00CF2742 /* ManagedCache.swift */,
				28639FBB2A077F4E00CF2742 /* ManagedFeedImage.swift */,
			);
			name = "Feed Cache";
			sourceTree = "<group>";
		};
/* End PBXGroup section */

/* Begin PBXHeadersBuildPhase section */
		2817405D29D8115C00D1B0F0 /* Headers */ = {
			isa = PBXHeadersBuildPhase;
			buildActionMask = 2147483647;
			files = (
				2817406629D8115C00D1B0F0 /* EssentialFeed.h in Headers */,
			);
			runOnlyForDeploymentPostprocessing = 0;
		};
		28F1D7BA2A0B2D6600432BA2 /* Headers */ = {
			isa = PBXHeadersBuildPhase;
			buildActionMask = 2147483647;
			files = (
			);
			runOnlyForDeploymentPostprocessing = 0;
		};
/* End PBXHeadersBuildPhase section */

/* Begin PBXNativeTarget section */
		2817406129D8115C00D1B0F0 /* EssentialFeed */ = {
			isa = PBXNativeTarget;
			buildConfigurationList = 2817406929D8115C00D1B0F0 /* Build configuration list for PBXNativeTarget "EssentialFeed" */;
			buildPhases = (
				2817405D29D8115C00D1B0F0 /* Headers */,
				2817405E29D8115C00D1B0F0 /* Sources */,
				2817405F29D8115C00D1B0F0 /* Frameworks */,
				2817406029D8115C00D1B0F0 /* Resources */,
			);
			buildRules = (
			);
			dependencies = (
			);
			name = EssentialFeed;
			productName = EssentialFeed;
			productReference = 2817406229D8115C00D1B0F0 /* EssentialFeed.framework */;
			productType = "com.apple.product-type.framework";
		};
		2817406F29D8117400D1B0F0 /* EssentialFeedTests */ = {
			isa = PBXNativeTarget;
			buildConfigurationList = 2817407729D8117500D1B0F0 /* Build configuration list for PBXNativeTarget "EssentialFeedTests" */;
			buildPhases = (
				2817406C29D8117400D1B0F0 /* Sources */,
				2817406D29D8117400D1B0F0 /* Frameworks */,
				2817406E29D8117400D1B0F0 /* Resources */,
			);
			buildRules = (
			);
			dependencies = (
				2817407629D8117500D1B0F0 /* PBXTargetDependency */,
			);
			name = EssentialFeedTests;
			productName = EssentialFeedTests;
			productReference = 2817407029D8117400D1B0F0 /* EssentialFeedTests.xctest */;
			productType = "com.apple.product-type.bundle.unit-test";
		};
		28BF5DF029DE991F00FD870A /* EssentialFeedApiEndToEndTests */ = {
			isa = PBXNativeTarget;
			buildConfigurationList = 28BF5DFA29DE991F00FD870A /* Build configuration list for PBXNativeTarget "EssentialFeedApiEndToEndTests" */;
			buildPhases = (
				28BF5DED29DE991F00FD870A /* Sources */,
				28BF5DEE29DE991F00FD870A /* Frameworks */,
				28BF5DEF29DE991F00FD870A /* Resources */,
			);
			buildRules = (
			);
			dependencies = (
				28BF5DF729DE991F00FD870A /* PBXTargetDependency */,
			);
			name = EssentialFeedApiEndToEndTests;
			productName = EssentialFeedApiEndToEndTests;
			productReference = 28BF5DF129DE991F00FD870A /* EssentialFeedApiEndToEndTests.xctest */;
			productType = "com.apple.product-type.bundle.unit-test";
		};
		28F1D7BE2A0B2D6600432BA2 /* EssentialFeediOS */ = {
			isa = PBXNativeTarget;
			buildConfigurationList = 28F1D7CE2A0B2D6700432BA2 /* Build configuration list for PBXNativeTarget "EssentialFeediOS" */;
			buildPhases = (
				28F1D7BA2A0B2D6600432BA2 /* Headers */,
				28F1D7BB2A0B2D6600432BA2 /* Sources */,
				28F1D7BC2A0B2D6600432BA2 /* Frameworks */,
				28F1D7BD2A0B2D6600432BA2 /* Resources */,
			);
			buildRules = (
			);
			dependencies = (
			);
			name = EssentialFeediOS;
			productName = EssentialFeediOS;
			productReference = 28F1D7BF2A0B2D6600432BA2 /* EssentialFeediOS.framework */;
			productType = "com.apple.product-type.framework";
		};
		28F1D7C52A0B2D6700432BA2 /* EssentialFeediOSTests */ = {
			isa = PBXNativeTarget;
			buildConfigurationList = 28F1D7D12A0B2D6700432BA2 /* Build configuration list for PBXNativeTarget "EssentialFeediOSTests" */;
			buildPhases = (
				28F1D7C22A0B2D6700432BA2 /* Sources */,
				28F1D7C32A0B2D6700432BA2 /* Frameworks */,
				28F1D7C42A0B2D6700432BA2 /* Resources */,
			);
			buildRules = (
			);
			dependencies = (
				28F1D7C92A0B2D6700432BA2 /* PBXTargetDependency */,
			);
			name = EssentialFeediOSTests;
			productName = EssentialFeediOSTests;
			productReference = 28F1D7C62A0B2D6700432BA2 /* EssentialFeediOSTests.xctest */;
			productType = "com.apple.product-type.bundle.unit-test";
		};
/* End PBXNativeTarget section */

/* Begin PBXProject section */
		2817405929D8115C00D1B0F0 /* Project object */ = {
			isa = PBXProject;
			attributes = {
				BuildIndependentTargetsInParallel = 1;
				LastSwiftUpdateCheck = 1430;
				LastUpgradeCheck = 1430;
				TargetAttributes = {
					2817406129D8115C00D1B0F0 = {
						CreatedOnToolsVersion = 14.3;
						LastSwiftMigration = 1430;
					};
					2817406F29D8117400D1B0F0 = {
						CreatedOnToolsVersion = 14.3;
					};
					28BF5DF029DE991F00FD870A = {
						CreatedOnToolsVersion = 14.3;
					};
					28F1D7BE2A0B2D6600432BA2 = {
						CreatedOnToolsVersion = 14.3;
						LastSwiftMigration = 1430;
					};
					28F1D7C52A0B2D6700432BA2 = {
						CreatedOnToolsVersion = 14.3;
						LastSwiftMigration = 1430;
					};
				};
			};
			buildConfigurationList = 2817405C29D8115C00D1B0F0 /* Build configuration list for PBXProject "EssentialFeed" */;
			compatibilityVersion = "Xcode 14.0";
			developmentRegion = en;
			hasScannedForEncodings = 0;
			knownRegions = (
				en,
				Base,
			);
			mainGroup = 2817405829D8115C00D1B0F0;
			productRefGroup = 2817406329D8115C00D1B0F0 /* Products */;
			projectDirPath = "";
			projectRoot = "";
			targets = (
				2817406129D8115C00D1B0F0 /* EssentialFeed */,
				2817406F29D8117400D1B0F0 /* EssentialFeedTests */,
				28BF5DF029DE991F00FD870A /* EssentialFeedApiEndToEndTests */,
				28F1D7BE2A0B2D6600432BA2 /* EssentialFeediOS */,
				28F1D7C52A0B2D6700432BA2 /* EssentialFeediOSTests */,
			);
		};
/* End PBXProject section */

/* Begin PBXResourcesBuildPhase section */
		2817406029D8115C00D1B0F0 /* Resources */ = {
			isa = PBXResourcesBuildPhase;
			buildActionMask = 2147483647;
			files = (
			);
			runOnlyForDeploymentPostprocessing = 0;
		};
		2817406E29D8117400D1B0F0 /* Resources */ = {
			isa = PBXResourcesBuildPhase;
			buildActionMask = 2147483647;
			files = (
			);
			runOnlyForDeploymentPostprocessing = 0;
		};
		28BF5DEF29DE991F00FD870A /* Resources */ = {
			isa = PBXResourcesBuildPhase;
			buildActionMask = 2147483647;
			files = (
			);
			runOnlyForDeploymentPostprocessing = 0;
		};
		28F1D7BD2A0B2D6600432BA2 /* Resources */ = {
			isa = PBXResourcesBuildPhase;
			buildActionMask = 2147483647;
			files = (
			);
			runOnlyForDeploymentPostprocessing = 0;
		};
		28F1D7C42A0B2D6700432BA2 /* Resources */ = {
			isa = PBXResourcesBuildPhase;
			buildActionMask = 2147483647;
			files = (
			);
			runOnlyForDeploymentPostprocessing = 0;
		};
/* End PBXResourcesBuildPhase section */

/* Begin PBXSourcesBuildPhase section */
		2817405E29D8115C00D1B0F0 /* Sources */ = {
			isa = PBXSourcesBuildPhase;
			buildActionMask = 2147483647;
			files = (
				28639FB82A077EC100CF2742 /* CoreDataFeedStore.swift in Sources */,
				286813752A077A6300DE26C8 /* FeedStore.xcdatamodeld in Sources */,
				2817408729D962D600D1B0F0 /* FeedItemsMapper.swift in Sources */,
				2817407D29D811E200D1B0F0 /* FeedLoader.swift in Sources */,
				2817408129D8128E00D1B0F0 /* RemoteFeedLoader.swift in Sources */,
				28639FB52A077E8A00CF2742 /* CoreDataHelpers.swift in Sources */,
				28CD284C29E83EE300537A2D /* FeedCachePolicy.swift in Sources */,
				2817408529D9627500D1B0F0 /* HTTPClient.swift in Sources */,
				286BC4F829E43FFE00261732 /* LocalFeedImage.swift in Sources */,
				28F2DBC729E3D1CD00A0F85A /* FeedStore.swift in Sources */,
				286BC4FA29E4402300261732 /* RemoteFeedItem.swift in Sources */,
				2817407B29D8118900D1B0F0 /* FeedImage.swift in Sources */,
				28F2DBC929E3D1E500A0F85A /* LocalFeedLoader.swift in Sources */,
				28639FBA2A077F3C00CF2742 /* ManagedCache.swift in Sources */,
				288215CB29DD47F50097D6AA /* URLSessionHTTPClient.swift in Sources */,
				28639FBC2A077F4E00CF2742 /* ManagedFeedImage.swift in Sources */,
			);
			runOnlyForDeploymentPostprocessing = 0;
		};
		2817406C29D8117400D1B0F0 /* Sources */ = {
			isa = PBXSourcesBuildPhase;
			buildActionMask = 2147483647;
			files = (
				284C0E7329E66DF0001F7D7E /* FeedCacheTestHelpers.swift in Sources */,
				28639FD42A07BF1F00CF2742 /* FeedStoreSpecs.swift in Sources */,
				28FDEEE029E59DE6003C7852 /* ValidateFeedCacheUseCaseTests.swift in Sources */,
				2817408329D8138200D1B0F0 /* LoadFeedFromRemoteUseCaseTests.swift in Sources */,
				28639FC02A07800D00CF2742 /* NSManagedObjectContext+Stub.swift in Sources */,
				2817407329D8117500D1B0F0 /* URLSessionHTTPClientTests.swift in Sources */,
				286BC4FF29E5100700261732 /* FeedStoreSpy.swift in Sources */,
				28639FC42A07803B00CF2742 /* NSEntityDescription+Assertions.swift in Sources */,
				284C0E7529E66E91001F7D7E /* SharedTestHelpers.swift in Sources */,
				28810A0529E167F600FFC194 /* CacheFeedUseCaseTests.swift in Sources */,
				28639FC22A07802500CF2742 /* NSManagedObjectContext+Helpers.swift in Sources */,
				28E1179A29F102A3003018DD /* XCTestCase+FailableRetrieveFeedStoreSpecs.swift in Sources */,
				28E1179E29F1044A003018DD /* XCTestCase+FailableDeleteFeedStoreSpecs.swift in Sources */,
				286BC4FC29E50F9300261732 /* LoadFeedFromCacheUseCaseTests.swift in Sources */,
				28E1179C29F10317003018DD /* XCTestCase+FailableInsertFeedStoreSpecs.swift .swift in Sources */,
				28F1EC5229DBE0080008D409 /* TrackMemoryLeakHelper.swift in Sources */,
				28639FBE2A077FAB00CF2742 /* CoreDataFeedStoreTests.swift in Sources */,
				28E1179829F100FB003018DD /* XCTestCase+FeedStoreSpecs.swift in Sources */,
			);
			runOnlyForDeploymentPostprocessing = 0;
		};
		28BF5DED29DE991F00FD870A /* Sources */ = {
			isa = PBXSourcesBuildPhase;
			buildActionMask = 2147483647;
			files = (
				28BF5DF429DE991F00FD870A /* EssentialFeedApiEndToEndTests.swift in Sources */,
				28639FD02A07BED900CF2742 /* XCTestCase+FailableRetrieveFeedStoreSpecs.swift in Sources */,
				28639FD52A07BF2000CF2742 /* FeedStoreSpecs.swift in Sources */,
				28639FD72A07BF9400CF2742 /* NSManagedObjectContext+Helpers.swift in Sources */,
				28D40CAC29DE9AC10057D176 /* TrackMemoryLeakHelper.swift in Sources */,
				28639FCF2A07BEBB00CF2742 /* SharedTestHelpers.swift in Sources */,
				28639FD22A07BEDE00CF2742 /* XCTestCase+FailableDeleteFeedStoreSpecs.swift in Sources */,
				28639FC62A07BD1A00CF2742 /* FeedStoreIntegrationTests.swift in Sources */,
				28639FCE2A07BEB200CF2742 /* FeedCacheTestHelpers.swift in Sources */,
				28639FD12A07BEDC00CF2742 /* XCTestCase+FailableInsertFeedStoreSpecs.swift .swift in Sources */,
				28639FD82A07BF9700CF2742 /* NSEntityDescription+Assertions.swift in Sources */,
				28639FD62A07BF9000CF2742 /* NSManagedObjectContext+Stub.swift in Sources */,
				28639FCB2A07BE2C00CF2742 /* XCTestCase+FeedStoreSpecs.swift in Sources */,
			);
			runOnlyForDeploymentPostprocessing = 0;
		};
		28F1D7BB2A0B2D6600432BA2 /* Sources */ = {
			isa = PBXSourcesBuildPhase;
			buildActionMask = 2147483647;
			files = (
				28850E432A11F88300145FE1 /* FeedImageDataLoader.swift in Sources */,
				28850E3E2A11EF8F00145FE1 /* UIView+Shimmering.swift .swift in Sources */,
				28850E3A2A1109E700145FE1 /* FeedViewController.swift in Sources */,
				28850E3C2A11214B00145FE1 /* FeedImageCell.swift in Sources */,
			);
			runOnlyForDeploymentPostprocessing = 0;
		};
		28F1D7C22A0B2D6700432BA2 /* Sources */ = {
			isa = PBXSourcesBuildPhase;
			buildActionMask = 2147483647;
			files = (
				28850E362A11037300145FE1 /* FeedViewControllerTests.swift in Sources */,
				28850E382A11064800145FE1 /* TrackMemoryLeakHelper.swift in Sources */,
				28850E482A11F8F900145FE1 /* UIImage+TestHelpers.swift .swift in Sources */,
				28850E4E2A11F9A100145FE1 /* UIControl+TestHelpers.swift .swift in Sources */,
				28850E4C2A11F97600145FE1 /* UIButton+TestHelpers.swift .swift in Sources */,
				28850E4A2A11F94A00145FE1 /* UIRefreshControl+TestHelpers.swift .swift in Sources */,
				28850E542A11FA7000145FE1 /* FeedViewControllerTests+LoaderSpy.swift .swift in Sources */,
				28850E562A11FAA600145FE1 /* FeedViewControllerTests+Assertions.swift .swift in Sources */,
				28850E502A11F9FC00145FE1 /* FeedViewController+TestHelpers.swift .swift in Sources */,
				28850E522A11FA2D00145FE1 /* FeedImageCell+TestHelpers.swift in Sources */,
			);
			runOnlyForDeploymentPostprocessing = 0;
		};
/* End PBXSourcesBuildPhase section */

/* Begin PBXTargetDependency section */
		2817407629D8117500D1B0F0 /* PBXTargetDependency */ = {
			isa = PBXTargetDependency;
			target = 2817406129D8115C00D1B0F0 /* EssentialFeed */;
			targetProxy = 2817407529D8117500D1B0F0 /* PBXContainerItemProxy */;
		};
		28BF5DF729DE991F00FD870A /* PBXTargetDependency */ = {
			isa = PBXTargetDependency;
			target = 2817406129D8115C00D1B0F0 /* EssentialFeed */;
			targetProxy = 28BF5DF629DE991F00FD870A /* PBXContainerItemProxy */;
		};
		28F1D7C92A0B2D6700432BA2 /* PBXTargetDependency */ = {
			isa = PBXTargetDependency;
			target = 28F1D7BE2A0B2D6600432BA2 /* EssentialFeediOS */;
			targetProxy = 28F1D7C82A0B2D6700432BA2 /* PBXContainerItemProxy */;
		};
/* End PBXTargetDependency section */

/* Begin XCBuildConfiguration section */
		2817406729D8115C00D1B0F0 /* Debug */ = {
			isa = XCBuildConfiguration;
			buildSettings = {
				ALWAYS_SEARCH_USER_PATHS = NO;
				CLANG_ANALYZER_NONNULL = YES;
				CLANG_ANALYZER_NUMBER_OBJECT_CONVERSION = YES_AGGRESSIVE;
				CLANG_CXX_LANGUAGE_STANDARD = "gnu++20";
				CLANG_ENABLE_MODULES = YES;
				CLANG_ENABLE_OBJC_ARC = YES;
				CLANG_ENABLE_OBJC_WEAK = YES;
				CLANG_WARN_BLOCK_CAPTURE_AUTORELEASING = YES;
				CLANG_WARN_BOOL_CONVERSION = YES;
				CLANG_WARN_COMMA = YES;
				CLANG_WARN_CONSTANT_CONVERSION = YES;
				CLANG_WARN_DEPRECATED_OBJC_IMPLEMENTATIONS = YES;
				CLANG_WARN_DIRECT_OBJC_ISA_USAGE = YES_ERROR;
				CLANG_WARN_DOCUMENTATION_COMMENTS = YES;
				CLANG_WARN_EMPTY_BODY = YES;
				CLANG_WARN_ENUM_CONVERSION = YES;
				CLANG_WARN_INFINITE_RECURSION = YES;
				CLANG_WARN_INT_CONVERSION = YES;
				CLANG_WARN_NON_LITERAL_NULL_CONVERSION = YES;
				CLANG_WARN_OBJC_IMPLICIT_RETAIN_SELF = YES;
				CLANG_WARN_OBJC_LITERAL_CONVERSION = YES;
				CLANG_WARN_OBJC_ROOT_CLASS = YES_ERROR;
				CLANG_WARN_QUOTED_INCLUDE_IN_FRAMEWORK_HEADER = YES;
				CLANG_WARN_RANGE_LOOP_ANALYSIS = YES;
				CLANG_WARN_STRICT_PROTOTYPES = YES;
				CLANG_WARN_SUSPICIOUS_MOVE = YES;
				CLANG_WARN_UNGUARDED_AVAILABILITY = YES_AGGRESSIVE;
				CLANG_WARN_UNREACHABLE_CODE = YES;
				CLANG_WARN__DUPLICATE_METHOD_MATCH = YES;
				COPY_PHASE_STRIP = NO;
				CURRENT_PROJECT_VERSION = 1;
				DEBUG_INFORMATION_FORMAT = dwarf;
				ENABLE_STRICT_OBJC_MSGSEND = YES;
				ENABLE_TESTABILITY = YES;
				GCC_C_LANGUAGE_STANDARD = gnu11;
				GCC_DYNAMIC_NO_PIC = NO;
				GCC_NO_COMMON_BLOCKS = YES;
				GCC_OPTIMIZATION_LEVEL = 0;
				GCC_PREPROCESSOR_DEFINITIONS = (
					"DEBUG=1",
					"$(inherited)",
				);
				GCC_WARN_64_TO_32_BIT_CONVERSION = YES;
				GCC_WARN_ABOUT_RETURN_TYPE = YES_ERROR;
				GCC_WARN_UNDECLARED_SELECTOR = YES;
				GCC_WARN_UNINITIALIZED_AUTOS = YES_AGGRESSIVE;
				GCC_WARN_UNUSED_FUNCTION = YES;
				GCC_WARN_UNUSED_VARIABLE = YES;
				MACOSX_DEPLOYMENT_TARGET = 13.3;
				MTL_ENABLE_DEBUG_INFO = INCLUDE_SOURCE;
				MTL_FAST_MATH = YES;
				ONLY_ACTIVE_ARCH = YES;
				SDKROOT = macosx;
				SWIFT_ACTIVE_COMPILATION_CONDITIONS = DEBUG;
				SWIFT_OPTIMIZATION_LEVEL = "-Onone";
				VERSIONING_SYSTEM = "apple-generic";
				VERSION_INFO_PREFIX = "";
			};
			name = Debug;
		};
		2817406829D8115C00D1B0F0 /* Release */ = {
			isa = XCBuildConfiguration;
			buildSettings = {
				ALWAYS_SEARCH_USER_PATHS = NO;
				CLANG_ANALYZER_NONNULL = YES;
				CLANG_ANALYZER_NUMBER_OBJECT_CONVERSION = YES_AGGRESSIVE;
				CLANG_CXX_LANGUAGE_STANDARD = "gnu++20";
				CLANG_ENABLE_MODULES = YES;
				CLANG_ENABLE_OBJC_ARC = YES;
				CLANG_ENABLE_OBJC_WEAK = YES;
				CLANG_WARN_BLOCK_CAPTURE_AUTORELEASING = YES;
				CLANG_WARN_BOOL_CONVERSION = YES;
				CLANG_WARN_COMMA = YES;
				CLANG_WARN_CONSTANT_CONVERSION = YES;
				CLANG_WARN_DEPRECATED_OBJC_IMPLEMENTATIONS = YES;
				CLANG_WARN_DIRECT_OBJC_ISA_USAGE = YES_ERROR;
				CLANG_WARN_DOCUMENTATION_COMMENTS = YES;
				CLANG_WARN_EMPTY_BODY = YES;
				CLANG_WARN_ENUM_CONVERSION = YES;
				CLANG_WARN_INFINITE_RECURSION = YES;
				CLANG_WARN_INT_CONVERSION = YES;
				CLANG_WARN_NON_LITERAL_NULL_CONVERSION = YES;
				CLANG_WARN_OBJC_IMPLICIT_RETAIN_SELF = YES;
				CLANG_WARN_OBJC_LITERAL_CONVERSION = YES;
				CLANG_WARN_OBJC_ROOT_CLASS = YES_ERROR;
				CLANG_WARN_QUOTED_INCLUDE_IN_FRAMEWORK_HEADER = YES;
				CLANG_WARN_RANGE_LOOP_ANALYSIS = YES;
				CLANG_WARN_STRICT_PROTOTYPES = YES;
				CLANG_WARN_SUSPICIOUS_MOVE = YES;
				CLANG_WARN_UNGUARDED_AVAILABILITY = YES_AGGRESSIVE;
				CLANG_WARN_UNREACHABLE_CODE = YES;
				CLANG_WARN__DUPLICATE_METHOD_MATCH = YES;
				COPY_PHASE_STRIP = NO;
				CURRENT_PROJECT_VERSION = 1;
				DEBUG_INFORMATION_FORMAT = "dwarf-with-dsym";
				ENABLE_NS_ASSERTIONS = NO;
				ENABLE_STRICT_OBJC_MSGSEND = YES;
				GCC_C_LANGUAGE_STANDARD = gnu11;
				GCC_NO_COMMON_BLOCKS = YES;
				GCC_WARN_64_TO_32_BIT_CONVERSION = YES;
				GCC_WARN_ABOUT_RETURN_TYPE = YES_ERROR;
				GCC_WARN_UNDECLARED_SELECTOR = YES;
				GCC_WARN_UNINITIALIZED_AUTOS = YES_AGGRESSIVE;
				GCC_WARN_UNUSED_FUNCTION = YES;
				GCC_WARN_UNUSED_VARIABLE = YES;
				MACOSX_DEPLOYMENT_TARGET = 13.3;
				MTL_ENABLE_DEBUG_INFO = NO;
				MTL_FAST_MATH = YES;
				SDKROOT = macosx;
				SWIFT_COMPILATION_MODE = wholemodule;
				SWIFT_OPTIMIZATION_LEVEL = "-O";
				VERSIONING_SYSTEM = "apple-generic";
				VERSION_INFO_PREFIX = "";
			};
			name = Release;
		};
		2817406A29D8115C00D1B0F0 /* Debug */ = {
			isa = XCBuildConfiguration;
			buildSettings = {
				CLANG_ENABLE_MODULES = YES;
				CODE_SIGN_STYLE = Automatic;
				COMBINE_HIDPI_IMAGES = YES;
				CURRENT_PROJECT_VERSION = 1;
				DEFINES_MODULE = YES;
				DEVELOPMENT_TEAM = 5X8H5M27DY;
				DYLIB_COMPATIBILITY_VERSION = 1;
				DYLIB_CURRENT_VERSION = 1;
				DYLIB_INSTALL_NAME_BASE = "@rpath";
				ENABLE_MODULE_VERIFIER = YES;
				GENERATE_INFOPLIST_FILE = YES;
				INFOPLIST_KEY_NSHumanReadableCopyright = "";
				INSTALL_PATH = "$(LOCAL_LIBRARY_DIR)/Frameworks";
				LD_RUNPATH_SEARCH_PATHS = (
					"$(inherited)",
					"@executable_path/../Frameworks",
					"@loader_path/Frameworks",
				);
				MARKETING_VERSION = 1.0;
				MODULE_VERIFIER_SUPPORTED_LANGUAGES = "objective-c objective-c++";
				MODULE_VERIFIER_SUPPORTED_LANGUAGE_STANDARDS = "gnu11 gnu++20";
				PRODUCT_BUNDLE_IDENTIFIER = com.jainullas.EssentialFeed;
				PRODUCT_NAME = "$(TARGET_NAME:c99extidentifier)";
				SKIP_INSTALL = YES;
				SUPPORTED_PLATFORMS = "iphoneos iphonesimulator macosx";
				SUPPORTS_MACCATALYST = NO;
				SUPPORTS_MAC_DESIGNED_FOR_IPHONE_IPAD = NO;
				SWIFT_EMIT_LOC_STRINGS = YES;
				SWIFT_OPTIMIZATION_LEVEL = "-Onone";
				SWIFT_VERSION = 5.0;
				TARGETED_DEVICE_FAMILY = 1;
			};
			name = Debug;
		};
		2817406B29D8115C00D1B0F0 /* Release */ = {
			isa = XCBuildConfiguration;
			buildSettings = {
				CLANG_ENABLE_MODULES = YES;
				CODE_SIGN_STYLE = Automatic;
				COMBINE_HIDPI_IMAGES = YES;
				CURRENT_PROJECT_VERSION = 1;
				DEFINES_MODULE = YES;
				DEVELOPMENT_TEAM = 5X8H5M27DY;
				DYLIB_COMPATIBILITY_VERSION = 1;
				DYLIB_CURRENT_VERSION = 1;
				DYLIB_INSTALL_NAME_BASE = "@rpath";
				ENABLE_MODULE_VERIFIER = YES;
				GENERATE_INFOPLIST_FILE = YES;
				INFOPLIST_KEY_NSHumanReadableCopyright = "";
				INSTALL_PATH = "$(LOCAL_LIBRARY_DIR)/Frameworks";
				LD_RUNPATH_SEARCH_PATHS = (
					"$(inherited)",
					"@executable_path/../Frameworks",
					"@loader_path/Frameworks",
				);
				MARKETING_VERSION = 1.0;
				MODULE_VERIFIER_SUPPORTED_LANGUAGES = "objective-c objective-c++";
				MODULE_VERIFIER_SUPPORTED_LANGUAGE_STANDARDS = "gnu11 gnu++20";
				PRODUCT_BUNDLE_IDENTIFIER = com.jainullas.EssentialFeed;
				PRODUCT_NAME = "$(TARGET_NAME:c99extidentifier)";
				SKIP_INSTALL = YES;
				SUPPORTED_PLATFORMS = "iphoneos iphonesimulator macosx";
				SUPPORTS_MACCATALYST = NO;
				SUPPORTS_MAC_DESIGNED_FOR_IPHONE_IPAD = NO;
				SWIFT_EMIT_LOC_STRINGS = YES;
				SWIFT_VERSION = 5.0;
				TARGETED_DEVICE_FAMILY = 1;
			};
			name = Release;
		};
		2817407829D8117500D1B0F0 /* Debug */ = {
			isa = XCBuildConfiguration;
			buildSettings = {
				ALWAYS_EMBED_SWIFT_STANDARD_LIBRARIES = YES;
				CODE_SIGN_STYLE = Automatic;
				CURRENT_PROJECT_VERSION = 1;
				DEVELOPMENT_TEAM = 5X8H5M27DY;
				GENERATE_INFOPLIST_FILE = YES;
				MARKETING_VERSION = 1.0;
				PRODUCT_BUNDLE_IDENTIFIER = com.jainullas.EssentialFeedTests;
				PRODUCT_NAME = "$(TARGET_NAME)";
				SUPPORTED_PLATFORMS = "iphoneos iphonesimulator macosx";
				SUPPORTS_MACCATALYST = NO;
				SUPPORTS_MAC_DESIGNED_FOR_IPHONE_IPAD = NO;
				SWIFT_EMIT_LOC_STRINGS = NO;
				SWIFT_VERSION = 5.0;
				TARGETED_DEVICE_FAMILY = 1;
			};
			name = Debug;
		};
		2817407929D8117500D1B0F0 /* Release */ = {
			isa = XCBuildConfiguration;
			buildSettings = {
				ALWAYS_EMBED_SWIFT_STANDARD_LIBRARIES = YES;
				CODE_SIGN_STYLE = Automatic;
				CURRENT_PROJECT_VERSION = 1;
				DEVELOPMENT_TEAM = 5X8H5M27DY;
				GENERATE_INFOPLIST_FILE = YES;
				MARKETING_VERSION = 1.0;
				PRODUCT_BUNDLE_IDENTIFIER = com.jainullas.EssentialFeedTests;
				PRODUCT_NAME = "$(TARGET_NAME)";
				SUPPORTED_PLATFORMS = "iphoneos iphonesimulator macosx";
				SUPPORTS_MACCATALYST = NO;
				SUPPORTS_MAC_DESIGNED_FOR_IPHONE_IPAD = NO;
				SWIFT_EMIT_LOC_STRINGS = NO;
				SWIFT_VERSION = 5.0;
				TARGETED_DEVICE_FAMILY = 1;
			};
			name = Release;
		};
		28BF5DF829DE991F00FD870A /* Debug */ = {
			isa = XCBuildConfiguration;
			buildSettings = {
				CODE_SIGN_STYLE = Automatic;
				CURRENT_PROJECT_VERSION = 1;
				DEVELOPMENT_TEAM = 5X8H5M27DY;
				GENERATE_INFOPLIST_FILE = YES;
				MARKETING_VERSION = 1.0;
				PRODUCT_BUNDLE_IDENTIFIER = com.jainullas.EssentialFeedApiEndToEndTests;
				PRODUCT_NAME = "$(TARGET_NAME)";
				SUPPORTED_PLATFORMS = "iphoneos iphonesimulator macosx";
				SUPPORTS_MACCATALYST = NO;
				SUPPORTS_MAC_DESIGNED_FOR_IPHONE_IPAD = NO;
				SWIFT_EMIT_LOC_STRINGS = NO;
				SWIFT_VERSION = 5.0;
				TARGETED_DEVICE_FAMILY = 1;
			};
			name = Debug;
		};
		28BF5DF929DE991F00FD870A /* Release */ = {
			isa = XCBuildConfiguration;
			buildSettings = {
				CODE_SIGN_STYLE = Automatic;
				CURRENT_PROJECT_VERSION = 1;
				DEVELOPMENT_TEAM = 5X8H5M27DY;
				GENERATE_INFOPLIST_FILE = YES;
				MARKETING_VERSION = 1.0;
				PRODUCT_BUNDLE_IDENTIFIER = com.jainullas.EssentialFeedApiEndToEndTests;
				PRODUCT_NAME = "$(TARGET_NAME)";
				SUPPORTED_PLATFORMS = "iphoneos iphonesimulator macosx";
				SUPPORTS_MACCATALYST = NO;
				SUPPORTS_MAC_DESIGNED_FOR_IPHONE_IPAD = NO;
				SWIFT_EMIT_LOC_STRINGS = NO;
				SWIFT_VERSION = 5.0;
				TARGETED_DEVICE_FAMILY = 1;
			};
			name = Release;
		};
		28F1D7CF2A0B2D6700432BA2 /* Debug */ = {
			isa = XCBuildConfiguration;
			buildSettings = {
				CLANG_ENABLE_MODULES = YES;
				CODE_SIGN_STYLE = Automatic;
				CURRENT_PROJECT_VERSION = 1;
				DEFINES_MODULE = YES;
				DEVELOPMENT_TEAM = 5X8H5M27DY;
				DYLIB_COMPATIBILITY_VERSION = 1;
				DYLIB_CURRENT_VERSION = 1;
				DYLIB_INSTALL_NAME_BASE = "@rpath";
				ENABLE_MODULE_VERIFIER = YES;
				GENERATE_INFOPLIST_FILE = YES;
				INFOPLIST_KEY_NSHumanReadableCopyright = "";
				INSTALL_PATH = "$(LOCAL_LIBRARY_DIR)/Frameworks";
				IPHONEOS_DEPLOYMENT_TARGET = 16.4;
				LD_RUNPATH_SEARCH_PATHS = (
					"$(inherited)",
					"@executable_path/Frameworks",
					"@loader_path/Frameworks",
				);
				MARKETING_VERSION = 1.0;
				MODULE_VERIFIER_SUPPORTED_LANGUAGES = "objective-c objective-c++";
				MODULE_VERIFIER_SUPPORTED_LANGUAGE_STANDARDS = "gnu11 gnu++20";
				PRODUCT_BUNDLE_IDENTIFIER = com.jainullas.EssentialFeediOS;
				PRODUCT_NAME = "$(TARGET_NAME:c99extidentifier)";
				SDKROOT = iphoneos;
				SKIP_INSTALL = YES;
				SUPPORTED_PLATFORMS = "iphoneos iphonesimulator";
				SUPPORTS_MACCATALYST = NO;
				SUPPORTS_MAC_DESIGNED_FOR_IPHONE_IPAD = NO;
				SWIFT_EMIT_LOC_STRINGS = YES;
				SWIFT_OPTIMIZATION_LEVEL = "-Onone";
				SWIFT_VERSION = 5.0;
				TARGETED_DEVICE_FAMILY = 1;
			};
			name = Debug;
		};
		28F1D7D02A0B2D6700432BA2 /* Release */ = {
			isa = XCBuildConfiguration;
			buildSettings = {
				CLANG_ENABLE_MODULES = YES;
				CODE_SIGN_STYLE = Automatic;
				CURRENT_PROJECT_VERSION = 1;
				DEFINES_MODULE = YES;
				DEVELOPMENT_TEAM = 5X8H5M27DY;
				DYLIB_COMPATIBILITY_VERSION = 1;
				DYLIB_CURRENT_VERSION = 1;
				DYLIB_INSTALL_NAME_BASE = "@rpath";
				ENABLE_MODULE_VERIFIER = YES;
				GENERATE_INFOPLIST_FILE = YES;
				INFOPLIST_KEY_NSHumanReadableCopyright = "";
				INSTALL_PATH = "$(LOCAL_LIBRARY_DIR)/Frameworks";
				IPHONEOS_DEPLOYMENT_TARGET = 16.4;
				LD_RUNPATH_SEARCH_PATHS = (
					"$(inherited)",
					"@executable_path/Frameworks",
					"@loader_path/Frameworks",
				);
				MARKETING_VERSION = 1.0;
				MODULE_VERIFIER_SUPPORTED_LANGUAGES = "objective-c objective-c++";
				MODULE_VERIFIER_SUPPORTED_LANGUAGE_STANDARDS = "gnu11 gnu++20";
				PRODUCT_BUNDLE_IDENTIFIER = com.jainullas.EssentialFeediOS;
				PRODUCT_NAME = "$(TARGET_NAME:c99extidentifier)";
				SDKROOT = iphoneos;
				SKIP_INSTALL = YES;
				SUPPORTED_PLATFORMS = "iphoneos iphonesimulator";
				SUPPORTS_MACCATALYST = NO;
				SUPPORTS_MAC_DESIGNED_FOR_IPHONE_IPAD = NO;
				SWIFT_EMIT_LOC_STRINGS = YES;
				SWIFT_VERSION = 5.0;
				TARGETED_DEVICE_FAMILY = 1;
				VALIDATE_PRODUCT = YES;
			};
			name = Release;
		};
		28F1D7D22A0B2D6700432BA2 /* Debug */ = {
			isa = XCBuildConfiguration;
			buildSettings = {
				ALWAYS_EMBED_SWIFT_STANDARD_LIBRARIES = YES;
				CLANG_ENABLE_MODULES = YES;
				CODE_SIGN_STYLE = Automatic;
				CURRENT_PROJECT_VERSION = 1;
				DEVELOPMENT_TEAM = 5X8H5M27DY;
				GENERATE_INFOPLIST_FILE = YES;
				IPHONEOS_DEPLOYMENT_TARGET = 16.4;
				MARKETING_VERSION = 1.0;
				PRODUCT_BUNDLE_IDENTIFIER = com.jainullas.EssentialFeediOSTests;
				PRODUCT_NAME = "$(TARGET_NAME)";
				SDKROOT = iphoneos;
				SUPPORTED_PLATFORMS = "iphoneos iphonesimulator";
				SUPPORTS_MACCATALYST = NO;
				SUPPORTS_MAC_DESIGNED_FOR_IPHONE_IPAD = NO;
				SWIFT_EMIT_LOC_STRINGS = NO;
				SWIFT_OPTIMIZATION_LEVEL = "-Onone";
				SWIFT_VERSION = 5.0;
				TARGETED_DEVICE_FAMILY = 1;
			};
			name = Debug;
		};
		28F1D7D32A0B2D6700432BA2 /* Release */ = {
			isa = XCBuildConfiguration;
			buildSettings = {
				ALWAYS_EMBED_SWIFT_STANDARD_LIBRARIES = YES;
				CLANG_ENABLE_MODULES = YES;
				CODE_SIGN_STYLE = Automatic;
				CURRENT_PROJECT_VERSION = 1;
				DEVELOPMENT_TEAM = 5X8H5M27DY;
				GENERATE_INFOPLIST_FILE = YES;
				IPHONEOS_DEPLOYMENT_TARGET = 16.4;
				MARKETING_VERSION = 1.0;
				PRODUCT_BUNDLE_IDENTIFIER = com.jainullas.EssentialFeediOSTests;
				PRODUCT_NAME = "$(TARGET_NAME)";
				SDKROOT = iphoneos;
				SUPPORTED_PLATFORMS = "iphoneos iphonesimulator";
				SUPPORTS_MACCATALYST = NO;
				SUPPORTS_MAC_DESIGNED_FOR_IPHONE_IPAD = NO;
				SWIFT_EMIT_LOC_STRINGS = NO;
				SWIFT_VERSION = 5.0;
				TARGETED_DEVICE_FAMILY = 1;
				VALIDATE_PRODUCT = YES;
			};
			name = Release;
		};
/* End XCBuildConfiguration section */

/* Begin XCConfigurationList section */
		2817405C29D8115C00D1B0F0 /* Build configuration list for PBXProject "EssentialFeed" */ = {
			isa = XCConfigurationList;
			buildConfigurations = (
				2817406729D8115C00D1B0F0 /* Debug */,
				2817406829D8115C00D1B0F0 /* Release */,
			);
			defaultConfigurationIsVisible = 0;
			defaultConfigurationName = Release;
		};
		2817406929D8115C00D1B0F0 /* Build configuration list for PBXNativeTarget "EssentialFeed" */ = {
			isa = XCConfigurationList;
			buildConfigurations = (
				2817406A29D8115C00D1B0F0 /* Debug */,
				2817406B29D8115C00D1B0F0 /* Release */,
			);
			defaultConfigurationIsVisible = 0;
			defaultConfigurationName = Release;
		};
		2817407729D8117500D1B0F0 /* Build configuration list for PBXNativeTarget "EssentialFeedTests" */ = {
			isa = XCConfigurationList;
			buildConfigurations = (
				2817407829D8117500D1B0F0 /* Debug */,
				2817407929D8117500D1B0F0 /* Release */,
			);
			defaultConfigurationIsVisible = 0;
			defaultConfigurationName = Release;
		};
		28BF5DFA29DE991F00FD870A /* Build configuration list for PBXNativeTarget "EssentialFeedApiEndToEndTests" */ = {
			isa = XCConfigurationList;
			buildConfigurations = (
				28BF5DF829DE991F00FD870A /* Debug */,
				28BF5DF929DE991F00FD870A /* Release */,
			);
			defaultConfigurationIsVisible = 0;
			defaultConfigurationName = Release;
		};
		28F1D7CE2A0B2D6700432BA2 /* Build configuration list for PBXNativeTarget "EssentialFeediOS" */ = {
			isa = XCConfigurationList;
			buildConfigurations = (
				28F1D7CF2A0B2D6700432BA2 /* Debug */,
				28F1D7D02A0B2D6700432BA2 /* Release */,
			);
			defaultConfigurationIsVisible = 0;
			defaultConfigurationName = Release;
		};
		28F1D7D12A0B2D6700432BA2 /* Build configuration list for PBXNativeTarget "EssentialFeediOSTests" */ = {
			isa = XCConfigurationList;
			buildConfigurations = (
				28F1D7D22A0B2D6700432BA2 /* Debug */,
				28F1D7D32A0B2D6700432BA2 /* Release */,
			);
			defaultConfigurationIsVisible = 0;
			defaultConfigurationName = Release;
		};
/* End XCConfigurationList section */

/* Begin XCVersionGroup section */
		286813732A077A6300DE26C8 /* FeedStore.xcdatamodeld */ = {
			isa = XCVersionGroup;
			children = (
				286813742A077A6300DE26C8 /* FeedStore.xcdatamodel */,
			);
			currentVersion = 286813742A077A6300DE26C8 /* FeedStore.xcdatamodel */;
			path = FeedStore.xcdatamodeld;
			sourceTree = "<group>";
			versionGroupType = wrapper.xcdatamodel;
		};
/* End XCVersionGroup section */
	};
	rootObject = 2817405929D8115C00D1B0F0 /* Project object */;
}
